// !$*UTF8*$!
{
	archiveVersion = 1;
	classes = {
	};
	objectVersion = 46;
	objects = {
/* Begin PBXBuildFile section */
		1D3623260D0F684500981E51 /* AppDelegate.m in Sources */ = {isa = PBXBuildFile; fileRef = 1D3623250D0F684500981E51 /* AppDelegate.m */; };
		1D60589B0D05DD56006BFB54 /* main.m in Sources */ = {isa = PBXBuildFile; fileRef = 29B97316FDCFA39411CA2CEA /* main.m */; };
		288765FD0DF74451002DB57D /* CoreGraphics.framework in Frameworks */ = {isa = PBXBuildFile; fileRef = 288765FC0DF74451002DB57D /* CoreGraphics.framework */; };
		301BF552109A68D80062928A /* libCordova.a in Frameworks */ = {isa = PBXBuildFile; fileRef = 301BF535109A57CC0062928A /* libCordova.a */; };
		302D95F114D2391D003F00A1 /* MainViewController.m in Sources */ = {isa = PBXBuildFile; fileRef = 302D95EF14D2391D003F00A1 /* MainViewController.m */; };
		302D95F214D2391D003F00A1 /* MainViewController.xib in Resources */ = {isa = PBXBuildFile; fileRef = 302D95F014D2391D003F00A1 /* MainViewController.xib */; };
		305D5FD1115AB8F900A74A75 /* MobileCoreServices.framework in Frameworks */ = {isa = PBXBuildFile; fileRef = 305D5FD0115AB8F900A74A75 /* MobileCoreServices.framework */; };
		3088BBBD154F3926009F9C59 /* Default-Landscape@2x~ipad.png in Resources */ = {isa = PBXBuildFile; fileRef = 3088BBB7154F3926009F9C59 /* Default-Landscape@2x~ipad.png */; };
		3088BBBE154F3926009F9C59 /* Default-Landscape~ipad.png in Resources */ = {isa = PBXBuildFile; fileRef = 3088BBB8154F3926009F9C59 /* Default-Landscape~ipad.png */; };
		3088BBBF154F3926009F9C59 /* Default-Portrait@2x~ipad.png in Resources */ = {isa = PBXBuildFile; fileRef = 3088BBB9154F3926009F9C59 /* Default-Portrait@2x~ipad.png */; };
		3088BBC0154F3926009F9C59 /* Default-Portrait~ipad.png in Resources */ = {isa = PBXBuildFile; fileRef = 3088BBBA154F3926009F9C59 /* Default-Portrait~ipad.png */; };
		3088BBC1154F3926009F9C59 /* Default@2x~iphone.png in Resources */ = {isa = PBXBuildFile; fileRef = 3088BBBB154F3926009F9C59 /* Default@2x~iphone.png */; };
		3088BBC2154F3926009F9C59 /* Default~iphone.png in Resources */ = {isa = PBXBuildFile; fileRef = 3088BBBC154F3926009F9C59 /* Default~iphone.png */; };
		308D05371370CCF300D202BF /* icon-72.png in Resources */ = {isa = PBXBuildFile; fileRef = 308D052E1370CCF300D202BF /* icon-72.png */; };
		308D05381370CCF300D202BF /* icon.png in Resources */ = {isa = PBXBuildFile; fileRef = 308D052F1370CCF300D202BF /* icon.png */; };
		308D05391370CCF300D202BF /* icon@2x.png in Resources */ = {isa = PBXBuildFile; fileRef = 308D05301370CCF300D202BF /* icon@2x.png */; };
		30B4F30019D5E07200D9F7D8 /* Default-667h.png in Resources */ = {isa = PBXBuildFile; fileRef = 30B4F2FD19D5E07200D9F7D8 /* Default-667h.png */; };
		30B4F30119D5E07200D9F7D8 /* Default-736h.png in Resources */ = {isa = PBXBuildFile; fileRef = 30B4F2FE19D5E07200D9F7D8 /* Default-736h.png */; };
		30B4F30219D5E07200D9F7D8 /* Default-Landscape-736h.png in Resources */ = {isa = PBXBuildFile; fileRef = 30B4F2FF19D5E07200D9F7D8 /* Default-Landscape-736h.png */; };
		30C1856619D5FC0A00212699 /* icon-60@3x.png in Resources */ = {isa = PBXBuildFile; fileRef = 30C1856519D5FC0A00212699 /* icon-60@3x.png */; };
		30FC414916E50CA1004E6F35 /* icon-72@2x.png in Resources */ = {isa = PBXBuildFile; fileRef = 30FC414816E50CA1004E6F35 /* icon-72@2x.png */; };
		5B1594DD16A7569C00FEF299 /* AssetsLibrary.framework in Frameworks */ = {isa = PBXBuildFile; fileRef = 5B1594DC16A7569C00FEF299 /* AssetsLibrary.framework */; };
		7E7966DE1810823500FA85AD /* icon-40.png in Resources */ = {isa = PBXBuildFile; fileRef = 7E7966D41810823500FA85AD /* icon-40.png */; };
		7E7966DF1810823500FA85AD /* icon-40@2x.png in Resources */ = {isa = PBXBuildFile; fileRef = 7E7966D51810823500FA85AD /* icon-40@2x.png */; };
		7E7966E01810823500FA85AD /* icon-50.png in Resources */ = {isa = PBXBuildFile; fileRef = 7E7966D61810823500FA85AD /* icon-50.png */; };
		7E7966E11810823500FA85AD /* icon-50@2x.png in Resources */ = {isa = PBXBuildFile; fileRef = 7E7966D71810823500FA85AD /* icon-50@2x.png */; };
		7E7966E21810823500FA85AD /* icon-60.png in Resources */ = {isa = PBXBuildFile; fileRef = 7E7966D81810823500FA85AD /* icon-60.png */; };
		7E7966E31810823500FA85AD /* icon-60@2x.png in Resources */ = {isa = PBXBuildFile; fileRef = 7E7966D91810823500FA85AD /* icon-60@2x.png */; };
		7E7966E41810823500FA85AD /* icon-76.png in Resources */ = {isa = PBXBuildFile; fileRef = 7E7966DA1810823500FA85AD /* icon-76.png */; };
		7E7966E51810823500FA85AD /* icon-76@2x.png in Resources */ = {isa = PBXBuildFile; fileRef = 7E7966DB1810823500FA85AD /* icon-76@2x.png */; };
		7E7966E61810823500FA85AD /* icon-small.png in Resources */ = {isa = PBXBuildFile; fileRef = 7E7966DC1810823500FA85AD /* icon-small.png */; };
		7E7966E71810823500FA85AD /* icon-small@2x.png in Resources */ = {isa = PBXBuildFile; fileRef = 7E7966DD1810823500FA85AD /* icon-small@2x.png */; };
		D4A0D8761607E02300AEF8BB /* Default-568h@2x~iphone.png in Resources */ = {isa = PBXBuildFile; fileRef = D4A0D8751607E02300AEF8BB /* Default-568h@2x~iphone.png */; };
		0CAD602DB5CE447696168861 /* CDVDevice.m in Sources */ = {isa = PBXBuildFile; fileRef = 4C3DE18181564A10BA1FDCE3 /* CDVDevice.m */; };
		B21D56CF14A842CA8063FE80 /* AppDelegate+notification.m in Sources */ = {isa = PBXBuildFile; fileRef = 36C7042EA586417FB9E4BFB3 /* AppDelegate+notification.m */; };
		680BBF63357B4E66AE501083 /* PushPlugin.m in Sources */ = {isa = PBXBuildFile; fileRef = 8231780483054F0B97459C26 /* PushPlugin.m */; };
		27A5DC1EFAA4435BA305D04D /* libGGLCloudMessaging.a in Frameworks */ = {isa = PBXBuildFile; fileRef = D1D62B1A857E42F49EA0AAFF /* libGGLCloudMessaging.a */; };
		8071EA7E546A486E90F09507 /* libGGLCore.a in Frameworks */ = {isa = PBXBuildFile; fileRef = 5CC5BD4C8F2241A7B55A0853 /* libGGLCore.a */; };
		AA50C33348354D40AD526A72 /* libGGLInstanceIDLib.a in Frameworks */ = {isa = PBXBuildFile; fileRef = 33F20B5AB264435AAB1C4AD0 /* libGGLInstanceIDLib.a */; };
		41A557472F9747DC9C9E311B /* libGIP_Reachability.a in Frameworks */ = {isa = PBXBuildFile; fileRef = 8192A2C376AC4645AA37D9A7 /* libGIP_Reachability.a */; };
		C1C0E75EB5754B52801FB446 /* libGSDK_Overload.a in Frameworks */ = {isa = PBXBuildFile; fileRef = F2A18FCC3A82471C8C6FB0EA /* libGSDK_Overload.a */; };
		E959867AC60E4E3AAE6985F3 /* libGTMSessionFetcher_core.a in Frameworks */ = {isa = PBXBuildFile; fileRef = C8290E4CA0B049859E899C20 /* libGTMSessionFetcher_core.a */; };
		96800444E2DC45BC81545165 /* libGTMSessionFetcher_full.a in Frameworks */ = {isa = PBXBuildFile; fileRef = F1E8EB36A47E41FA9863D84F /* libGTMSessionFetcher_full.a */; };
		AF0494FBEDF349D2A897D615 /* libGTMStackTrace.a in Frameworks */ = {isa = PBXBuildFile; fileRef = 5687362C21564EB5848F7726 /* libGTMStackTrace.a */; };
		49ACA835E6434BEA96287F05 /* libGTM_AddressBook.a in Frameworks */ = {isa = PBXBuildFile; fileRef = 71A5801BD1E74E4487A4C53E /* libGTM_AddressBook.a */; };
		02CA7DE6944C4EAA9240A0C2 /* libGTM_DebugUtils.a in Frameworks */ = {isa = PBXBuildFile; fileRef = C2E119E620E64DDF8A1B96D7 /* libGTM_DebugUtils.a */; };
		DB67789C8F674E848A10A25F /* libGTM_GTMURLBuilder.a in Frameworks */ = {isa = PBXBuildFile; fileRef = AD9020CA6D1C4B8FBADB3E58 /* libGTM_GTMURLBuilder.a */; };
		FF8DFE069FAF44BA8225706A /* libGTM_KVO.a in Frameworks */ = {isa = PBXBuildFile; fileRef = 11AE752C82E24A45A5E7E39B /* libGTM_KVO.a */; };
		F1A0D238A8114D1595802642 /* libGTM_NSData+zlib.a in Frameworks */ = {isa = PBXBuildFile; fileRef = 25F6E2D253A041AEADD033FD /* libGTM_NSData+zlib.a */; };
		7F8A67F5B2BD44F692B25C4C /* libGTM_NSDictionary+URLArguments.a in Frameworks */ = {isa = PBXBuildFile; fileRef = 976D8F93FD45445AA8A56E3A /* libGTM_NSDictionary+URLArguments.a */; };
		41835CD2BA0F415D809E7D8E /* libGTM_NSScannerJSON.a in Frameworks */ = {isa = PBXBuildFile; fileRef = 106F034B6E084930A87010A0 /* libGTM_NSScannerJSON.a */; };
		A41A15716D6048E096153B55 /* libGTM_NSStringHTML.a in Frameworks */ = {isa = PBXBuildFile; fileRef = F6FAB16D4D5C4FA58A41AF29 /* libGTM_NSStringHTML.a */; };
		CEC6E699C8994175A7E6EB6B /* libGTM_NSStringXML.a in Frameworks */ = {isa = PBXBuildFile; fileRef = F97586F6652C4FC9AAA2CC1F /* libGTM_NSStringXML.a */; };
		C53B82DBF97B4A6395C229D9 /* libGTM_Regex.a in Frameworks */ = {isa = PBXBuildFile; fileRef = 72C9F6D562C544EA8D61FF07 /* libGTM_Regex.a */; };
		304DFB5EB08F46EA819AB71E /* libGTM_RoundedRectPath.a in Frameworks */ = {isa = PBXBuildFile; fileRef = 3632C8C9F59C4581932B204C /* libGTM_RoundedRectPath.a */; };
		1A498CE96B3E4260A4D4E853 /* libGTM_StringEncoding.a in Frameworks */ = {isa = PBXBuildFile; fileRef = ED2A1D981F274A8185654507 /* libGTM_StringEncoding.a */; };
		A7382E068C2A4ED5B19CFB2C /* libGTM_SystemVersion.a in Frameworks */ = {isa = PBXBuildFile; fileRef = 339171D8136942ABBFAB9872 /* libGTM_SystemVersion.a */; };
		DA73440F72904C5EBB67E5A4 /* libGTM_UIFont+LineHeight.a in Frameworks */ = {isa = PBXBuildFile; fileRef = 2CE4EA6112104E769F385BA7 /* libGTM_UIFont+LineHeight.a */; };
		CAD120B0369849F082C124D9 /* libGTM_core.a in Frameworks */ = {isa = PBXBuildFile; fileRef = D9F14149A9094D0180EB49D5 /* libGTM_core.a */; };
		911BDD56AA1F4B62A00AE6D1 /* libGTM_iPhone.a in Frameworks */ = {isa = PBXBuildFile; fileRef = 1BC63B05150544C3B513B116 /* libGTM_iPhone.a */; };
		8DC238F1E2964C5E83FEC4B1 /* libGcmLib.a in Frameworks */ = {isa = PBXBuildFile; fileRef = 46A16A565736408BBA8AB8FD /* libGcmLib.a */; };
		04C9778E58224EFF9BB23F0E /* libProtocolBuffers.a in Frameworks */ = {isa = PBXBuildFile; fileRef = 77601E782DD94A6EA8425815 /* libProtocolBuffers.a */; };
		963473EDC8334D64962E4259 /* AddressBook.framework in Frameworks */ = {isa = PBXBuildFile; fileRef = A5AEC8E959F84F60B7183305 /* AddressBook.framework */; };
		D44AA78283764712A08637DB /* libsqlite3.tbd in Frameworks */ = {isa = PBXBuildFile; fileRef = 8F7DE0B826934B6386C303AA /* libsqlite3.tbd */; };
		52A54F855E264E06B318A5E0 /* libz.tbd in Frameworks */ = {isa = PBXBuildFile; fileRef = 2A10123BA61A45BEBF4A5E05 /* libz.tbd */; };
		A0DBAA0CE27948BA8C70F82D /* AppDelegate+SalesforceHybridSDK.m in Sources */ = {isa = PBXBuildFile; fileRef = 257E34A2E093493B9A97C81C /* AppDelegate+SalesforceHybridSDK.m */; };
		B9C2E7EC66CE4A439A65441A /* UIApplication+SalesforceHybridSDK.m in Sources */ = {isa = PBXBuildFile; fileRef = 628579AA7CEF484881123BAC /* UIApplication+SalesforceHybridSDK.m */; };
		89D63959F45442BA93779ED2 /* InitialViewController.m in Sources */ = {isa = PBXBuildFile; fileRef = 5D3FFB01ABA64453AD7B4F25 /* InitialViewController.m */; };
		6378D1B408E14AD09D28E487 /* libSalesforceSDKCore.a in Frameworks */ = {isa = PBXBuildFile; fileRef = 41A2D8A9A7114809AC682680 /* libSalesforceSDKCore.a */; };
		A895DE63306E47018AF5CD7C /* libSalesforceNetwork.a in Frameworks */ = {isa = PBXBuildFile; fileRef = 8E27B2F7F083416AB100559E /* libSalesforceNetwork.a */; };
		47445055F01A4C3988AC46E6 /* libSalesforceRestAPI.a in Frameworks */ = {isa = PBXBuildFile; fileRef = 63FBA50D8BAE4118A81F8284 /* libSalesforceRestAPI.a */; };
		EDC35597456A4430A58D2EE9 /* libSmartStore.a in Frameworks */ = {isa = PBXBuildFile; fileRef = E3599C51C78C45B1BF71BBD2 /* libSmartStore.a */; };
		092DCEB65F114EF495ADB4C9 /* libSmartSync.a in Frameworks */ = {isa = PBXBuildFile; fileRef = FFEC87D970D34112A4EDBCEF /* libSmartSync.a */; };
		19C1E48F8E104553B94AA1C9 /* libSalesforceHybridSDK.a in Frameworks */ = {isa = PBXBuildFile; fileRef = 8F99EABB54C642F9815F13AC /* libSalesforceHybridSDK.a */; };
		A680900188104D90AC5D4613 /* libsqlcipher.a in Frameworks */ = {isa = PBXBuildFile; fileRef = CA6A76E8E12B4797B9CD5065 /* libsqlcipher.a */; };
		613DD4C411614FC9836B632C /* libCocoaLumberjack.a in Frameworks */ = {isa = PBXBuildFile; fileRef = EC086CD106654DB8B1D4C972 /* libCocoaLumberjack.a */; };
		FE6E04846DE242CAB9A2D936 /* SalesforceSDKResources.bundle in Resources */ = {isa = PBXBuildFile; fileRef = 0C921C26FC204CBCBEB08404 /* SalesforceSDKResources.bundle */; };
		2FE8685B637D4473997BAA6A /* Images.xcassets in Resources */ = {isa = PBXBuildFile; fileRef = 335A9ADBCC2F40318C3F87CB /* Images.xcassets */; };
		D94691288EFB4E009442C072 /* SalesforceSDKAssets.xcassets in Resources */ = {isa = PBXBuildFile; fileRef = EDC82ECF3BFD4AAC8D7A3A03 /* SalesforceSDKAssets.xcassets */; };
		E1E8BB6B187D404390F5B4CD /* libxml2.tbd in Frameworks */ = {isa = PBXBuildFile; fileRef = E854F1618CD04A16B720F048 /* libxml2.tbd */; };
		C03B6BFDA04D4E54B808B0C2 /* AddressBookUI.framework in Frameworks */ = {isa = PBXBuildFile; fileRef = B3E849EF199C42D49F933402 /* AddressBookUI.framework */; settings = {ATTRIBUTES = (Weak, ); }; };
		C2C58D7BF82244D79D9B2900 /* CoreLocation.framework in Frameworks */ = {isa = PBXBuildFile; fileRef = 03E7DCDC19C74500B3E7FE1D /* CoreLocation.framework */; settings = {ATTRIBUTES = (Weak, ); }; };
		E9AC3062813341438F24E526 /* Foundation.framework in Frameworks */ = {isa = PBXBuildFile; fileRef = 32CEB302658D431D9CB4B1A8 /* Foundation.framework */; settings = {ATTRIBUTES = (Weak, ); }; };
		921660041D6941699CED4690 /* MessageUI.framework in Frameworks */ = {isa = PBXBuildFile; fileRef = 8979DD68C96E498486A17D0D /* MessageUI.framework */; settings = {ATTRIBUTES = (Weak, ); }; };
		B35A2BED512B4C26873A22B1 /* QuartzCore.framework in Frameworks */ = {isa = PBXBuildFile; fileRef = 7C909B35A4D34F9789E5484D /* QuartzCore.framework */; settings = {ATTRIBUTES = (Weak, ); }; };
		2469D4CC94664CBDB2129C93 /* Security.framework in Frameworks */ = {isa = PBXBuildFile; fileRef = 36A9B6791A22428DA9EEB580 /* Security.framework */; settings = {ATTRIBUTES = (Weak, ); }; };
		FE562FC770C243A581886C7C /* SystemConfiguration.framework in Frameworks */ = {isa = PBXBuildFile; fileRef = 8D302F8362E84BB1BCC3FD7B /* SystemConfiguration.framework */; settings = {ATTRIBUTES = (Weak, ); }; };
		14AFD3F84C4B4D218518FCBE /* UIKit.framework in Frameworks */ = {isa = PBXBuildFile; fileRef = 1EF4E6287694479E81CBCC2F /* UIKit.framework */; settings = {ATTRIBUTES = (Weak, ); }; };
		BEE64BD9AA704B4688E0FF15 /* ImageIO.framework in Frameworks */ = {isa = PBXBuildFile; fileRef = 46AD58811A494E0AB277D183 /* ImageIO.framework */; settings = {ATTRIBUTES = (Weak, ); }; };
/* End PBXBuildFile section */

/* Begin PBXContainerItemProxy section */
		301BF534109A57CC0062928A /* PBXContainerItemProxy */ = {
			isa = PBXContainerItemProxy;
			containerPortal = 301BF52D109A57CC0062928A /* CordovaLib.xcodeproj */;
			proxyType = 2;
			remoteGlobalIDString = D2AAC07E0554694100DB518D;
			remoteInfo = CordovaLib;
		};
		301BF550109A68C00062928A /* PBXContainerItemProxy */ = {
			isa = PBXContainerItemProxy;
			containerPortal = 301BF52D109A57CC0062928A /* CordovaLib.xcodeproj */;
			proxyType = 1;
			remoteGlobalIDString = D2AAC07D0554694100DB518D;
			remoteInfo = CordovaLib;
		};
/* End PBXContainerItemProxy section */

/* Begin PBXFileReference section */
		1D3623240D0F684500981E51 /* AppDelegate.h */ = {isa = PBXFileReference; fileEncoding = 4; lastKnownFileType = sourcecode.c.h; path = AppDelegate.h; sourceTree = "<group>"; };
		1D3623250D0F684500981E51 /* AppDelegate.m */ = {isa = PBXFileReference; fileEncoding = 4; lastKnownFileType = sourcecode.c.objc; path = AppDelegate.m; sourceTree = "<group>"; };
		1D6058910D05DD3D006BFB54 /* gethappyv1.app */ = {isa = PBXFileReference; explicitFileType = wrapper.application; includeInIndex = 0; path = "gethappyv1.app"; sourceTree = BUILT_PRODUCTS_DIR; };
		1F766FDD13BBADB100FB74C0 /* en */ = {isa = PBXFileReference; lastKnownFileType = text.plist.strings; name = en; path = Localizable.strings; sourceTree = "<group>"; };
		1F766FE013BBADB100FB74C0 /* es */ = {isa = PBXFileReference; lastKnownFileType = text.plist.strings; name = es; path = Localizable.strings; sourceTree = "<group>"; };
		288765FC0DF74451002DB57D /* CoreGraphics.framework */ = {isa = PBXFileReference; lastKnownFileType = wrapper.framework; name = CoreGraphics.framework; path = System/Library/Frameworks/CoreGraphics.framework; sourceTree = SDKROOT; };
		29B97316FDCFA39411CA2CEA /* main.m */ = {isa = PBXFileReference; fileEncoding = 4; lastKnownFileType = sourcecode.c.objc; path = main.m; sourceTree = "<group>"; };
		301BF52D109A57CC0062928A /* CordovaLib.xcodeproj */ = {isa = PBXFileReference; lastKnownFileType = "wrapper.pb-project"; name = CordovaLib.xcodeproj; path = CordovaLib/CordovaLib.xcodeproj; sourceTree = "<group>"; };
		301BF56E109A69640062928A /* www */ = {isa = PBXFileReference; lastKnownFileType = folder; path = www; sourceTree = SOURCE_ROOT; };
		302D95EE14D2391D003F00A1 /* MainViewController.h */ = {isa = PBXFileReference; fileEncoding = 4; lastKnownFileType = sourcecode.c.h; path = MainViewController.h; sourceTree = "<group>"; };
		302D95EF14D2391D003F00A1 /* MainViewController.m */ = {isa = PBXFileReference; fileEncoding = 4; lastKnownFileType = sourcecode.c.objc; path = MainViewController.m; sourceTree = "<group>"; };
		302D95F014D2391D003F00A1 /* MainViewController.xib */ = {isa = PBXFileReference; fileEncoding = 4; lastKnownFileType = file.xib; path = MainViewController.xib; sourceTree = "<group>"; };
		305D5FD0115AB8F900A74A75 /* MobileCoreServices.framework */ = {isa = PBXFileReference; lastKnownFileType = wrapper.framework; name = MobileCoreServices.framework; path = System/Library/Frameworks/MobileCoreServices.framework; sourceTree = SDKROOT; };
		3088BBB7154F3926009F9C59 /* Default-Landscape@2x~ipad.png */ = {isa = PBXFileReference; lastKnownFileType = image.png; path = "Default-Landscape@2x~ipad.png"; sourceTree = "<group>"; };
		3088BBB8154F3926009F9C59 /* Default-Landscape~ipad.png */ = {isa = PBXFileReference; lastKnownFileType = image.png; path = "Default-Landscape~ipad.png"; sourceTree = "<group>"; };
		3088BBB9154F3926009F9C59 /* Default-Portrait@2x~ipad.png */ = {isa = PBXFileReference; lastKnownFileType = image.png; path = "Default-Portrait@2x~ipad.png"; sourceTree = "<group>"; };
		3088BBBA154F3926009F9C59 /* Default-Portrait~ipad.png */ = {isa = PBXFileReference; lastKnownFileType = image.png; path = "Default-Portrait~ipad.png"; sourceTree = "<group>"; };
		3088BBBB154F3926009F9C59 /* Default@2x~iphone.png */ = {isa = PBXFileReference; lastKnownFileType = image.png; path = "Default@2x~iphone.png"; sourceTree = "<group>"; };
		3088BBBC154F3926009F9C59 /* Default~iphone.png */ = {isa = PBXFileReference; lastKnownFileType = image.png; path = "Default~iphone.png"; sourceTree = "<group>"; };
		308D052E1370CCF300D202BF /* icon-72.png */ = {isa = PBXFileReference; lastKnownFileType = image.png; path = "icon-72.png"; sourceTree = "<group>"; };
		308D052F1370CCF300D202BF /* icon.png */ = {isa = PBXFileReference; lastKnownFileType = image.png; path = icon.png; sourceTree = "<group>"; };
		308D05301370CCF300D202BF /* icon@2x.png */ = {isa = PBXFileReference; lastKnownFileType = image.png; path = "icon@2x.png"; sourceTree = "<group>"; };
		30B4F2FD19D5E07200D9F7D8 /* Default-667h.png */ = {isa = PBXFileReference; lastKnownFileType = image.png; path = "Default-667h.png"; sourceTree = "<group>"; };
		30B4F2FE19D5E07200D9F7D8 /* Default-736h.png */ = {isa = PBXFileReference; lastKnownFileType = image.png; path = "Default-736h.png"; sourceTree = "<group>"; };
		30B4F2FF19D5E07200D9F7D8 /* Default-Landscape-736h.png */ = {isa = PBXFileReference; lastKnownFileType = image.png; path = "Default-Landscape-736h.png"; sourceTree = "<group>"; };
		30C1856519D5FC0A00212699 /* icon-60@3x.png */ = {isa = PBXFileReference; lastKnownFileType = image.png; path = "icon-60@3x.png"; sourceTree = "<group>"; };
		30FC414816E50CA1004E6F35 /* icon-72@2x.png */ = {isa = PBXFileReference; lastKnownFileType = image.png; path = "icon-72@2x.png"; sourceTree = "<group>"; };
		32CA4F630368D1EE00C91783 /* gethappyv1-Prefix.pch */ = {isa = PBXFileReference; fileEncoding = 4; lastKnownFileType = sourcecode.c.h; path = "gethappyv1-Prefix.pch"; sourceTree = "<group>"; };
		5B1594DC16A7569C00FEF299 /* AssetsLibrary.framework */ = {isa = PBXFileReference; lastKnownFileType = wrapper.framework; name = AssetsLibrary.framework; path = System/Library/Frameworks/AssetsLibrary.framework; sourceTree = SDKROOT; };
		7E7966D41810823500FA85AD /* icon-40.png */ = {isa = PBXFileReference; lastKnownFileType = image.png; path = "icon-40.png"; sourceTree = "<group>"; };
		7E7966D51810823500FA85AD /* icon-40@2x.png */ = {isa = PBXFileReference; lastKnownFileType = image.png; path = "icon-40@2x.png"; sourceTree = "<group>"; };
		7E7966D61810823500FA85AD /* icon-50.png */ = {isa = PBXFileReference; lastKnownFileType = image.png; path = "icon-50.png"; sourceTree = "<group>"; };
		7E7966D71810823500FA85AD /* icon-50@2x.png */ = {isa = PBXFileReference; lastKnownFileType = image.png; path = "icon-50@2x.png"; sourceTree = "<group>"; };
		7E7966D81810823500FA85AD /* icon-60.png */ = {isa = PBXFileReference; lastKnownFileType = image.png; path = "icon-60.png"; sourceTree = "<group>"; };
		7E7966D91810823500FA85AD /* icon-60@2x.png */ = {isa = PBXFileReference; lastKnownFileType = image.png; path = "icon-60@2x.png"; sourceTree = "<group>"; };
		7E7966DA1810823500FA85AD /* icon-76.png */ = {isa = PBXFileReference; lastKnownFileType = image.png; path = "icon-76.png"; sourceTree = "<group>"; };
		7E7966DB1810823500FA85AD /* icon-76@2x.png */ = {isa = PBXFileReference; lastKnownFileType = image.png; path = "icon-76@2x.png"; sourceTree = "<group>"; };
		7E7966DC1810823500FA85AD /* icon-small.png */ = {isa = PBXFileReference; lastKnownFileType = image.png; path = "icon-small.png"; sourceTree = "<group>"; };
		7E7966DD1810823500FA85AD /* icon-small@2x.png */ = {isa = PBXFileReference; lastKnownFileType = image.png; path = "icon-small@2x.png"; sourceTree = "<group>"; };
		8D1107310486CEB800E47090 /* gethappyv1-Info.plist */ = {isa = PBXFileReference; fileEncoding = 4; lastKnownFileType = text.plist.xml; name = "gethappyv1-Info.plist"; path = "../gethappyv1-Info.plist"; plistStructureDefinitionIdentifier = "com.apple.xcode.plist.structure-definition.iphone.info-plist"; sourceTree = "<group>"; };
		D4A0D8751607E02300AEF8BB /* Default-568h@2x~iphone.png */ = {isa = PBXFileReference; lastKnownFileType = image.png; path = "Default-568h@2x~iphone.png"; sourceTree = "<group>"; };
		EB87FDF21871DA7A0020F90C /* merges */ = {isa = PBXFileReference; lastKnownFileType = folder; name = merges; path = ../../merges; sourceTree = "<group>"; };
		EB87FDF31871DA8E0020F90C /* www */ = {isa = PBXFileReference; lastKnownFileType = folder; name = www; path = ../../www; sourceTree = "<group>"; };
		EB87FDF41871DAF40020F90C /* config.xml */ = {isa = PBXFileReference; lastKnownFileType = text.xml; name = config.xml; path = ../../config.xml; sourceTree = "<group>"; };
		F840E1F0165FE0F500CFE078 /* config.xml */ = {isa = PBXFileReference; lastKnownFileType = text.xml; name = config.xml; path = "gethappyv1/config.xml"; sourceTree = "<group>"; };
		4C3DE18181564A10BA1FDCE3 /* CDVDevice.m */ = {isa = PBXFileReference; name = "CDVDevice.m"; path = "cordova-plugin-device/CDVDevice.m"; sourceTree = "<group>"; fileEncoding = 4; lastKnownFileType = sourcecode.c.objc; explicitFileType = undefined; includeInIndex = 0; };
		0E623E4823074FDBB7EDB6C6 /* CDVDevice.h */ = {isa = PBXFileReference; name = "CDVDevice.h"; path = "cordova-plugin-device/CDVDevice.h"; sourceTree = "<group>"; fileEncoding = 4; lastKnownFileType = sourcecode.c.h; explicitFileType = undefined; includeInIndex = 0; };
		36C7042EA586417FB9E4BFB3 /* AppDelegate+notification.m */ = {isa = PBXFileReference; name = "AppDelegate+notification.m"; path = "phonegap-plugin-push/AppDelegate+notification.m"; sourceTree = "<group>"; fileEncoding = 4; lastKnownFileType = sourcecode.c.objc; explicitFileType = undefined; includeInIndex = 0; };
		8231780483054F0B97459C26 /* PushPlugin.m */ = {isa = PBXFileReference; name = "PushPlugin.m"; path = "phonegap-plugin-push/PushPlugin.m"; sourceTree = "<group>"; fileEncoding = 4; lastKnownFileType = sourcecode.c.objc; explicitFileType = undefined; includeInIndex = 0; };
		D1D62B1A857E42F49EA0AAFF /* libGGLCloudMessaging.a */ = {isa = PBXFileReference; name = "libGGLCloudMessaging.a"; path = "gethappyv1/Plugins/phonegap-plugin-push/GCM/Libraries/libGGLCloudMessaging.a"; sourceTree = "<group>"; fileEncoding = undefined; lastKnownFileType = archive.ar; explicitFileType = undefined; includeInIndex = 0; };
		5CC5BD4C8F2241A7B55A0853 /* libGGLCore.a */ = {isa = PBXFileReference; name = "libGGLCore.a"; path = "gethappyv1/Plugins/phonegap-plugin-push/GCM/Libraries/libGGLCore.a"; sourceTree = "<group>"; fileEncoding = undefined; lastKnownFileType = archive.ar; explicitFileType = undefined; includeInIndex = 0; };
		33F20B5AB264435AAB1C4AD0 /* libGGLInstanceIDLib.a */ = {isa = PBXFileReference; name = "libGGLInstanceIDLib.a"; path = "gethappyv1/Plugins/phonegap-plugin-push/GCM/Libraries/libGGLInstanceIDLib.a"; sourceTree = "<group>"; fileEncoding = undefined; lastKnownFileType = archive.ar; explicitFileType = undefined; includeInIndex = 0; };
		8192A2C376AC4645AA37D9A7 /* libGIP_Reachability.a */ = {isa = PBXFileReference; name = "libGIP_Reachability.a"; path = "gethappyv1/Plugins/phonegap-plugin-push/GCM/Libraries/libGIP_Reachability.a"; sourceTree = "<group>"; fileEncoding = undefined; lastKnownFileType = archive.ar; explicitFileType = undefined; includeInIndex = 0; };
		F2A18FCC3A82471C8C6FB0EA /* libGSDK_Overload.a */ = {isa = PBXFileReference; name = "libGSDK_Overload.a"; path = "gethappyv1/Plugins/phonegap-plugin-push/GCM/Libraries/libGSDK_Overload.a"; sourceTree = "<group>"; fileEncoding = undefined; lastKnownFileType = archive.ar; explicitFileType = undefined; includeInIndex = 0; };
		C8290E4CA0B049859E899C20 /* libGTMSessionFetcher_core.a */ = {isa = PBXFileReference; name = "libGTMSessionFetcher_core.a"; path = "gethappyv1/Plugins/phonegap-plugin-push/GCM/Libraries/libGTMSessionFetcher_core.a"; sourceTree = "<group>"; fileEncoding = undefined; lastKnownFileType = archive.ar; explicitFileType = undefined; includeInIndex = 0; };
		F1E8EB36A47E41FA9863D84F /* libGTMSessionFetcher_full.a */ = {isa = PBXFileReference; name = "libGTMSessionFetcher_full.a"; path = "gethappyv1/Plugins/phonegap-plugin-push/GCM/Libraries/libGTMSessionFetcher_full.a"; sourceTree = "<group>"; fileEncoding = undefined; lastKnownFileType = archive.ar; explicitFileType = undefined; includeInIndex = 0; };
		5687362C21564EB5848F7726 /* libGTMStackTrace.a */ = {isa = PBXFileReference; name = "libGTMStackTrace.a"; path = "gethappyv1/Plugins/phonegap-plugin-push/GCM/Libraries/libGTMStackTrace.a"; sourceTree = "<group>"; fileEncoding = undefined; lastKnownFileType = archive.ar; explicitFileType = undefined; includeInIndex = 0; };
		71A5801BD1E74E4487A4C53E /* libGTM_AddressBook.a */ = {isa = PBXFileReference; name = "libGTM_AddressBook.a"; path = "gethappyv1/Plugins/phonegap-plugin-push/GCM/Libraries/libGTM_AddressBook.a"; sourceTree = "<group>"; fileEncoding = undefined; lastKnownFileType = archive.ar; explicitFileType = undefined; includeInIndex = 0; };
		C2E119E620E64DDF8A1B96D7 /* libGTM_DebugUtils.a */ = {isa = PBXFileReference; name = "libGTM_DebugUtils.a"; path = "gethappyv1/Plugins/phonegap-plugin-push/GCM/Libraries/libGTM_DebugUtils.a"; sourceTree = "<group>"; fileEncoding = undefined; lastKnownFileType = archive.ar; explicitFileType = undefined; includeInIndex = 0; };
		AD9020CA6D1C4B8FBADB3E58 /* libGTM_GTMURLBuilder.a */ = {isa = PBXFileReference; name = "libGTM_GTMURLBuilder.a"; path = "gethappyv1/Plugins/phonegap-plugin-push/GCM/Libraries/libGTM_GTMURLBuilder.a"; sourceTree = "<group>"; fileEncoding = undefined; lastKnownFileType = archive.ar; explicitFileType = undefined; includeInIndex = 0; };
		11AE752C82E24A45A5E7E39B /* libGTM_KVO.a */ = {isa = PBXFileReference; name = "libGTM_KVO.a"; path = "gethappyv1/Plugins/phonegap-plugin-push/GCM/Libraries/libGTM_KVO.a"; sourceTree = "<group>"; fileEncoding = undefined; lastKnownFileType = archive.ar; explicitFileType = undefined; includeInIndex = 0; };
		25F6E2D253A041AEADD033FD /* libGTM_NSData+zlib.a */ = {isa = PBXFileReference; name = "libGTM_NSData+zlib.a"; path = "gethappyv1/Plugins/phonegap-plugin-push/GCM/Libraries/libGTM_NSData+zlib.a"; sourceTree = "<group>"; fileEncoding = undefined; lastKnownFileType = archive.ar; explicitFileType = undefined; includeInIndex = 0; };
		976D8F93FD45445AA8A56E3A /* libGTM_NSDictionary+URLArguments.a */ = {isa = PBXFileReference; name = "libGTM_NSDictionary+URLArguments.a"; path = "gethappyv1/Plugins/phonegap-plugin-push/GCM/Libraries/libGTM_NSDictionary+URLArguments.a"; sourceTree = "<group>"; fileEncoding = undefined; lastKnownFileType = archive.ar; explicitFileType = undefined; includeInIndex = 0; };
		106F034B6E084930A87010A0 /* libGTM_NSScannerJSON.a */ = {isa = PBXFileReference; name = "libGTM_NSScannerJSON.a"; path = "gethappyv1/Plugins/phonegap-plugin-push/GCM/Libraries/libGTM_NSScannerJSON.a"; sourceTree = "<group>"; fileEncoding = undefined; lastKnownFileType = archive.ar; explicitFileType = undefined; includeInIndex = 0; };
		F6FAB16D4D5C4FA58A41AF29 /* libGTM_NSStringHTML.a */ = {isa = PBXFileReference; name = "libGTM_NSStringHTML.a"; path = "gethappyv1/Plugins/phonegap-plugin-push/GCM/Libraries/libGTM_NSStringHTML.a"; sourceTree = "<group>"; fileEncoding = undefined; lastKnownFileType = archive.ar; explicitFileType = undefined; includeInIndex = 0; };
		F97586F6652C4FC9AAA2CC1F /* libGTM_NSStringXML.a */ = {isa = PBXFileReference; name = "libGTM_NSStringXML.a"; path = "gethappyv1/Plugins/phonegap-plugin-push/GCM/Libraries/libGTM_NSStringXML.a"; sourceTree = "<group>"; fileEncoding = undefined; lastKnownFileType = archive.ar; explicitFileType = undefined; includeInIndex = 0; };
		72C9F6D562C544EA8D61FF07 /* libGTM_Regex.a */ = {isa = PBXFileReference; name = "libGTM_Regex.a"; path = "gethappyv1/Plugins/phonegap-plugin-push/GCM/Libraries/libGTM_Regex.a"; sourceTree = "<group>"; fileEncoding = undefined; lastKnownFileType = archive.ar; explicitFileType = undefined; includeInIndex = 0; };
		3632C8C9F59C4581932B204C /* libGTM_RoundedRectPath.a */ = {isa = PBXFileReference; name = "libGTM_RoundedRectPath.a"; path = "gethappyv1/Plugins/phonegap-plugin-push/GCM/Libraries/libGTM_RoundedRectPath.a"; sourceTree = "<group>"; fileEncoding = undefined; lastKnownFileType = archive.ar; explicitFileType = undefined; includeInIndex = 0; };
		ED2A1D981F274A8185654507 /* libGTM_StringEncoding.a */ = {isa = PBXFileReference; name = "libGTM_StringEncoding.a"; path = "gethappyv1/Plugins/phonegap-plugin-push/GCM/Libraries/libGTM_StringEncoding.a"; sourceTree = "<group>"; fileEncoding = undefined; lastKnownFileType = archive.ar; explicitFileType = undefined; includeInIndex = 0; };
		339171D8136942ABBFAB9872 /* libGTM_SystemVersion.a */ = {isa = PBXFileReference; name = "libGTM_SystemVersion.a"; path = "gethappyv1/Plugins/phonegap-plugin-push/GCM/Libraries/libGTM_SystemVersion.a"; sourceTree = "<group>"; fileEncoding = undefined; lastKnownFileType = archive.ar; explicitFileType = undefined; includeInIndex = 0; };
		2CE4EA6112104E769F385BA7 /* libGTM_UIFont+LineHeight.a */ = {isa = PBXFileReference; name = "libGTM_UIFont+LineHeight.a"; path = "gethappyv1/Plugins/phonegap-plugin-push/GCM/Libraries/libGTM_UIFont+LineHeight.a"; sourceTree = "<group>"; fileEncoding = undefined; lastKnownFileType = archive.ar; explicitFileType = undefined; includeInIndex = 0; };
		D9F14149A9094D0180EB49D5 /* libGTM_core.a */ = {isa = PBXFileReference; name = "libGTM_core.a"; path = "gethappyv1/Plugins/phonegap-plugin-push/GCM/Libraries/libGTM_core.a"; sourceTree = "<group>"; fileEncoding = undefined; lastKnownFileType = archive.ar; explicitFileType = undefined; includeInIndex = 0; };
		1BC63B05150544C3B513B116 /* libGTM_iPhone.a */ = {isa = PBXFileReference; name = "libGTM_iPhone.a"; path = "gethappyv1/Plugins/phonegap-plugin-push/GCM/Libraries/libGTM_iPhone.a"; sourceTree = "<group>"; fileEncoding = undefined; lastKnownFileType = archive.ar; explicitFileType = undefined; includeInIndex = 0; };
		46A16A565736408BBA8AB8FD /* libGcmLib.a */ = {isa = PBXFileReference; name = "libGcmLib.a"; path = "gethappyv1/Plugins/phonegap-plugin-push/GCM/Libraries/libGcmLib.a"; sourceTree = "<group>"; fileEncoding = undefined; lastKnownFileType = archive.ar; explicitFileType = undefined; includeInIndex = 0; };
		77601E782DD94A6EA8425815 /* libProtocolBuffers.a */ = {isa = PBXFileReference; name = "libProtocolBuffers.a"; path = "gethappyv1/Plugins/phonegap-plugin-push/GCM/Libraries/libProtocolBuffers.a"; sourceTree = "<group>"; fileEncoding = undefined; lastKnownFileType = archive.ar; explicitFileType = undefined; includeInIndex = 0; };
		F538395DFE3F478AB6EF74AC /* AppDelegate+notification.h */ = {isa = PBXFileReference; name = "AppDelegate+notification.h"; path = "phonegap-plugin-push/AppDelegate+notification.h"; sourceTree = "<group>"; fileEncoding = 4; lastKnownFileType = sourcecode.c.h; explicitFileType = undefined; includeInIndex = 0; };
		CD34291D1E5748EA9E6D0F4B /* PushPlugin.h */ = {isa = PBXFileReference; name = "PushPlugin.h"; path = "phonegap-plugin-push/PushPlugin.h"; sourceTree = "<group>"; fileEncoding = 4; lastKnownFileType = sourcecode.c.h; explicitFileType = undefined; includeInIndex = 0; };
		5F22A070CCA745509EB4F7E1 /* GGLInstanceID.h */ = {isa = PBXFileReference; name = "GGLInstanceID.h"; path = "phonegap-plugin-push/GCM/Headers/GGLInstanceID.h"; sourceTree = "<group>"; fileEncoding = 4; lastKnownFileType = sourcecode.c.h; explicitFileType = undefined; includeInIndex = 0; };
		4903292AC4E84217ABAD188F /* GGLInstanceIDConfig.h */ = {isa = PBXFileReference; name = "GGLInstanceIDConfig.h"; path = "phonegap-plugin-push/GCM/Headers/GGLInstanceIDConfig.h"; sourceTree = "<group>"; fileEncoding = 4; lastKnownFileType = sourcecode.c.h; explicitFileType = undefined; includeInIndex = 0; };
		F289880288AA4E9F830B62C5 /* GGLInstanceIDDelegate.h */ = {isa = PBXFileReference; name = "GGLInstanceIDDelegate.h"; path = "phonegap-plugin-push/GCM/Headers/GGLInstanceIDDelegate.h"; sourceTree = "<group>"; fileEncoding = 4; lastKnownFileType = sourcecode.c.h; explicitFileType = undefined; includeInIndex = 0; };
		C31657CEE0AD433F9B0C59CD /* GGLInstanceIDHeaders.h */ = {isa = PBXFileReference; name = "GGLInstanceIDHeaders.h"; path = "phonegap-plugin-push/GCM/Headers/GGLInstanceIDHeaders.h"; sourceTree = "<group>"; fileEncoding = 4; lastKnownFileType = sourcecode.c.h; explicitFileType = undefined; includeInIndex = 0; };
		D423DFA221EF4A8785A4A602 /* CloudMessaging.h */ = {isa = PBXFileReference; name = "CloudMessaging.h"; path = "phonegap-plugin-push/GCM/Headers/CloudMessaging.h"; sourceTree = "<group>"; fileEncoding = 4; lastKnownFileType = sourcecode.c.h; explicitFileType = undefined; includeInIndex = 0; };
		62CCAB8CBBB045B0B099102B /* GGLContext+CloudMessaging.h */ = {isa = PBXFileReference; name = "GGLContext+CloudMessaging.h"; path = "phonegap-plugin-push/GCM/Headers/GGLContext+CloudMessaging.h"; sourceTree = "<group>"; fileEncoding = 4; lastKnownFileType = sourcecode.c.h; explicitFileType = undefined; includeInIndex = 0; };
		360429A7ECE2405B881AC96D /* Core.h */ = {isa = PBXFileReference; name = "Core.h"; path = "phonegap-plugin-push/GCM/Headers/Core.h"; sourceTree = "<group>"; fileEncoding = 4; lastKnownFileType = sourcecode.c.h; explicitFileType = undefined; includeInIndex = 0; };
		F9CD3F2F45DF4D7DB94C8649 /* GGLConfiguration.h */ = {isa = PBXFileReference; name = "GGLConfiguration.h"; path = "phonegap-plugin-push/GCM/Headers/GGLConfiguration.h"; sourceTree = "<group>"; fileEncoding = 4; lastKnownFileType = sourcecode.c.h; explicitFileType = undefined; includeInIndex = 0; };
		0126DFD6462D4813800A2B0C /* GGLContext.h */ = {isa = PBXFileReference; name = "GGLContext.h"; path = "phonegap-plugin-push/GCM/Headers/GGLContext.h"; sourceTree = "<group>"; fileEncoding = 4; lastKnownFileType = sourcecode.c.h; explicitFileType = undefined; includeInIndex = 0; };
		FBE3C4F1CE0F4E12827534A6 /* GGLErrorCode.h */ = {isa = PBXFileReference; name = "GGLErrorCode.h"; path = "phonegap-plugin-push/GCM/Headers/GGLErrorCode.h"; sourceTree = "<group>"; fileEncoding = 4; lastKnownFileType = sourcecode.c.h; explicitFileType = undefined; includeInIndex = 0; };
		A264686DA1714332A52E71E7 /* GCMConfig.h */ = {isa = PBXFileReference; name = "GCMConfig.h"; path = "phonegap-plugin-push/GCM/Headers/GCMConfig.h"; sourceTree = "<group>"; fileEncoding = 4; lastKnownFileType = sourcecode.c.h; explicitFileType = undefined; includeInIndex = 0; };
		3539C458A21845B5A2F95C7D /* GCMPubSub.h */ = {isa = PBXFileReference; name = "GCMPubSub.h"; path = "phonegap-plugin-push/GCM/Headers/GCMPubSub.h"; sourceTree = "<group>"; fileEncoding = 4; lastKnownFileType = sourcecode.c.h; explicitFileType = undefined; includeInIndex = 0; };
		3E35FC8A09704310B9B23EF2 /* GCMReceiverDelegate.h */ = {isa = PBXFileReference; name = "GCMReceiverDelegate.h"; path = "phonegap-plugin-push/GCM/Headers/GCMReceiverDelegate.h"; sourceTree = "<group>"; fileEncoding = 4; lastKnownFileType = sourcecode.c.h; explicitFileType = undefined; includeInIndex = 0; };
		77CA58218C934F5A981D5D9E /* GCMService.h */ = {isa = PBXFileReference; name = "GCMService.h"; path = "phonegap-plugin-push/GCM/Headers/GCMService.h"; sourceTree = "<group>"; fileEncoding = 4; lastKnownFileType = sourcecode.c.h; explicitFileType = undefined; includeInIndex = 0; };
		7B51836A57FF419E8FD357AD /* GoogleCloudMessaging.h */ = {isa = PBXFileReference; name = "GoogleCloudMessaging.h"; path = "phonegap-plugin-push/GCM/Headers/GoogleCloudMessaging.h"; sourceTree = "<group>"; fileEncoding = 4; lastKnownFileType = sourcecode.c.h; explicitFileType = undefined; includeInIndex = 0; };
		A5AEC8E959F84F60B7183305 /* AddressBook.framework */ = {isa = PBXFileReference; name = "AddressBook.framework"; path = "System/Library/Frameworks/AddressBook.framework"; sourceTree = SDKROOT; fileEncoding = undefined; lastKnownFileType = wrapper.framework; explicitFileType = undefined; includeInIndex = 0; };
		8F7DE0B826934B6386C303AA /* libsqlite3.tbd */ = {isa = PBXFileReference; name = "libsqlite3.tbd"; path = "usr/lib/libsqlite3.tbd"; sourceTree = SDKROOT; fileEncoding = undefined; lastKnownFileType = sourcecode.text-based-dylib-definition; explicitFileType = undefined; includeInIndex = 0; };
		2A10123BA61A45BEBF4A5E05 /* libz.tbd */ = {isa = PBXFileReference; name = "libz.tbd"; path = "usr/lib/libz.tbd"; sourceTree = SDKROOT; fileEncoding = undefined; lastKnownFileType = sourcecode.text-based-dylib-definition; explicitFileType = undefined; includeInIndex = 0; };
		257E34A2E093493B9A97C81C /* AppDelegate+SalesforceHybridSDK.m */ = {isa = PBXFileReference; name = "AppDelegate+SalesforceHybridSDK.m"; path = "com.salesforce/AppDelegate+SalesforceHybridSDK.m"; sourceTree = "<group>"; fileEncoding = 4; lastKnownFileType = sourcecode.c.objc; explicitFileType = undefined; includeInIndex = 0; };
		628579AA7CEF484881123BAC /* UIApplication+SalesforceHybridSDK.m */ = {isa = PBXFileReference; name = "UIApplication+SalesforceHybridSDK.m"; path = "com.salesforce/UIApplication+SalesforceHybridSDK.m"; sourceTree = "<group>"; fileEncoding = 4; lastKnownFileType = sourcecode.c.objc; explicitFileType = undefined; includeInIndex = 0; };
		5D3FFB01ABA64453AD7B4F25 /* InitialViewController.m */ = {isa = PBXFileReference; name = "InitialViewController.m"; path = "com.salesforce/InitialViewController.m"; sourceTree = "<group>"; fileEncoding = 4; lastKnownFileType = sourcecode.c.objc; explicitFileType = undefined; includeInIndex = 0; };
		41A2D8A9A7114809AC682680 /* libSalesforceSDKCore.a */ = {isa = PBXFileReference; name = "libSalesforceSDKCore.a"; path = "gethappyv1/Plugins/com.salesforce/libSalesforceSDKCore.a"; sourceTree = "<group>"; fileEncoding = undefined; lastKnownFileType = archive.ar; explicitFileType = undefined; includeInIndex = 0; };
		8E27B2F7F083416AB100559E /* libSalesforceNetwork.a */ = {isa = PBXFileReference; name = "libSalesforceNetwork.a"; path = "gethappyv1/Plugins/com.salesforce/libSalesforceNetwork.a"; sourceTree = "<group>"; fileEncoding = undefined; lastKnownFileType = archive.ar; explicitFileType = undefined; includeInIndex = 0; };
		63FBA50D8BAE4118A81F8284 /* libSalesforceRestAPI.a */ = {isa = PBXFileReference; name = "libSalesforceRestAPI.a"; path = "gethappyv1/Plugins/com.salesforce/libSalesforceRestAPI.a"; sourceTree = "<group>"; fileEncoding = undefined; lastKnownFileType = archive.ar; explicitFileType = undefined; includeInIndex = 0; };
		E3599C51C78C45B1BF71BBD2 /* libSmartStore.a */ = {isa = PBXFileReference; name = "libSmartStore.a"; path = "gethappyv1/Plugins/com.salesforce/libSmartStore.a"; sourceTree = "<group>"; fileEncoding = undefined; lastKnownFileType = archive.ar; explicitFileType = undefined; includeInIndex = 0; };
		FFEC87D970D34112A4EDBCEF /* libSmartSync.a */ = {isa = PBXFileReference; name = "libSmartSync.a"; path = "gethappyv1/Plugins/com.salesforce/libSmartSync.a"; sourceTree = "<group>"; fileEncoding = undefined; lastKnownFileType = archive.ar; explicitFileType = undefined; includeInIndex = 0; };
		8F99EABB54C642F9815F13AC /* libSalesforceHybridSDK.a */ = {isa = PBXFileReference; name = "libSalesforceHybridSDK.a"; path = "gethappyv1/Plugins/com.salesforce/libSalesforceHybridSDK.a"; sourceTree = "<group>"; fileEncoding = undefined; lastKnownFileType = archive.ar; explicitFileType = undefined; includeInIndex = 0; };
		CA6A76E8E12B4797B9CD5065 /* libsqlcipher.a */ = {isa = PBXFileReference; name = "libsqlcipher.a"; path = "gethappyv1/Plugins/com.salesforce/libsqlcipher.a"; sourceTree = "<group>"; fileEncoding = undefined; lastKnownFileType = archive.ar; explicitFileType = undefined; includeInIndex = 0; };
		EC086CD106654DB8B1D4C972 /* libCocoaLumberjack.a */ = {isa = PBXFileReference; name = "libCocoaLumberjack.a"; path = "gethappyv1/Plugins/com.salesforce/libCocoaLumberjack.a"; sourceTree = "<group>"; fileEncoding = undefined; lastKnownFileType = archive.ar; explicitFileType = undefined; includeInIndex = 0; };
		C1B0D39E41EA4A6384215CD2 /* SFAuthenticationManager.h */ = {isa = PBXFileReference; name = "SFAuthenticationManager.h"; path = "com.salesforce/salesforce/SFAuthenticationManager.h"; sourceTree = "<group>"; fileEncoding = 4; lastKnownFileType = sourcecode.c.h; explicitFileType = undefined; includeInIndex = 0; };
		7D8C9A8EE18D403E81C753C2 /* SFCommunityData.h */ = {isa = PBXFileReference; name = "SFCommunityData.h"; path = "com.salesforce/salesforce/SFCommunityData.h"; sourceTree = "<group>"; fileEncoding = 4; lastKnownFileType = sourcecode.c.h; explicitFileType = undefined; includeInIndex = 0; };
		EC808838F001428DAA151949 /* SFSDKAppConfig.h */ = {isa = PBXFileReference; name = "SFSDKAppConfig.h"; path = "com.salesforce/salesforce/SFSDKAppConfig.h"; sourceTree = "<group>"; fileEncoding = 4; lastKnownFileType = sourcecode.c.h; explicitFileType = undefined; includeInIndex = 0; };
		27DF0F8BCC9041198C1E5A1B /* InitialViewController.h */ = {isa = PBXFileReference; name = "InitialViewController.h"; path = "com.salesforce/salesforce/InitialViewController.h"; sourceTree = "<group>"; fileEncoding = 4; lastKnownFileType = sourcecode.c.h; explicitFileType = undefined; includeInIndex = 0; };
		87A67D69F0D745CF9279312C /* SFDefaultUserManagementViewController.h */ = {isa = PBXFileReference; name = "SFDefaultUserManagementViewController.h"; path = "com.salesforce/salesforce/SFDefaultUserManagementViewController.h"; sourceTree = "<group>"; fileEncoding = 4; lastKnownFileType = sourcecode.c.h; explicitFileType = undefined; includeInIndex = 0; };
		DAFE22F5C0C9480D8CCF1B94 /* SFHybridViewConfig.h */ = {isa = PBXFileReference; name = "SFHybridViewConfig.h"; path = "com.salesforce/salesforce/SFHybridViewConfig.h"; sourceTree = "<group>"; fileEncoding = 4; lastKnownFileType = sourcecode.c.h; explicitFileType = undefined; includeInIndex = 0; };
		9E2E382D30F9441982C80CDB /* SFHybridViewController.h */ = {isa = PBXFileReference; name = "SFHybridViewController.h"; path = "com.salesforce/salesforce/SFHybridViewController.h"; sourceTree = "<group>"; fileEncoding = 4; lastKnownFileType = sourcecode.c.h; explicitFileType = undefined; includeInIndex = 0; };
		703CBCA51360471FB13E093A /* SFIdentityCoordinator.h */ = {isa = PBXFileReference; name = "SFIdentityCoordinator.h"; path = "com.salesforce/salesforce/SFIdentityCoordinator.h"; sourceTree = "<group>"; fileEncoding = 4; lastKnownFileType = sourcecode.c.h; explicitFileType = undefined; includeInIndex = 0; };
		5FBB1C8A4B60401ABAA858AA /* SFIdentityData.h */ = {isa = PBXFileReference; name = "SFIdentityData.h"; path = "com.salesforce/salesforce/SFIdentityData.h"; sourceTree = "<group>"; fileEncoding = 4; lastKnownFileType = sourcecode.c.h; explicitFileType = undefined; includeInIndex = 0; };
		BFCC375554F94C928012061C /* SFLocalhostSubstitutionCache.h */ = {isa = PBXFileReference; name = "SFLocalhostSubstitutionCache.h"; path = "com.salesforce/salesforce/SFLocalhostSubstitutionCache.h"; sourceTree = "<group>"; fileEncoding = 4; lastKnownFileType = sourcecode.c.h; explicitFileType = undefined; includeInIndex = 0; };
		331C2112285D486FABE9CA78 /* SFLogger.h */ = {isa = PBXFileReference; name = "SFLogger.h"; path = "com.salesforce/salesforce/SFLogger.h"; sourceTree = "<group>"; fileEncoding = 4; lastKnownFileType = sourcecode.c.h; explicitFileType = undefined; includeInIndex = 0; };
		40B6FD6ECF7D4A078574DA45 /* SFLoggerMacros.h */ = {isa = PBXFileReference; name = "SFLoggerMacros.h"; path = "com.salesforce/salesforce/SFLoggerMacros.h"; sourceTree = "<group>"; fileEncoding = 4; lastKnownFileType = sourcecode.c.h; explicitFileType = undefined; includeInIndex = 0; };
		F767B439B27B474BAF2C0FDA /* NSNotificationCenter+SFAdditions.h */ = {isa = PBXFileReference; name = "NSNotificationCenter+SFAdditions.h"; path = "com.salesforce/salesforce/NSNotificationCenter+SFAdditions.h"; sourceTree = "<group>"; fileEncoding = 4; lastKnownFileType = sourcecode.c.h; explicitFileType = undefined; includeInIndex = 0; };
		65A28B76E45B44AD83D2A166 /* SFOAuthCoordinator.h */ = {isa = PBXFileReference; name = "SFOAuthCoordinator.h"; path = "com.salesforce/salesforce/SFOAuthCoordinator.h"; sourceTree = "<group>"; fileEncoding = 4; lastKnownFileType = sourcecode.c.h; explicitFileType = undefined; includeInIndex = 0; };
		C4F723BF591944F3ABC05792 /* SFOAuthCredentials.h */ = {isa = PBXFileReference; name = "SFOAuthCredentials.h"; path = "com.salesforce/salesforce/SFOAuthCredentials.h"; sourceTree = "<group>"; fileEncoding = 4; lastKnownFileType = sourcecode.c.h; explicitFileType = undefined; includeInIndex = 0; };
		BC6E9810EEA84462826C5882 /* SFOAuthInfo.h */ = {isa = PBXFileReference; name = "SFOAuthInfo.h"; path = "com.salesforce/salesforce/SFOAuthInfo.h"; sourceTree = "<group>"; fileEncoding = 4; lastKnownFileType = sourcecode.c.h; explicitFileType = undefined; includeInIndex = 0; };
		2270FCD4756B4BE38F6AB858 /* SFPushNotificationManager.h */ = {isa = PBXFileReference; name = "SFPushNotificationManager.h"; path = "com.salesforce/salesforce/SFPushNotificationManager.h"; sourceTree = "<group>"; fileEncoding = 4; lastKnownFileType = sourcecode.c.h; explicitFileType = undefined; includeInIndex = 0; };
		3CD64938DB0B4EE9A00724B2 /* SFUserAccount.h */ = {isa = PBXFileReference; name = "SFUserAccount.h"; path = "com.salesforce/salesforce/SFUserAccount.h"; sourceTree = "<group>"; fileEncoding = 4; lastKnownFileType = sourcecode.c.h; explicitFileType = undefined; includeInIndex = 0; };
		36EDB66DE4B441A1A889ACD3 /* SFUserAccountConstants.h */ = {isa = PBXFileReference; name = "SFUserAccountConstants.h"; path = "com.salesforce/salesforce/SFUserAccountConstants.h"; sourceTree = "<group>"; fileEncoding = 4; lastKnownFileType = sourcecode.c.h; explicitFileType = undefined; includeInIndex = 0; };
		42B92EB3D477420686B8532B /* SFUserAccountManager.h */ = {isa = PBXFileReference; name = "SFUserAccountManager.h"; path = "com.salesforce/salesforce/SFUserAccountManager.h"; sourceTree = "<group>"; fileEncoding = 4; lastKnownFileType = sourcecode.c.h; explicitFileType = undefined; includeInIndex = 0; };
		BC3737841E0F4BAD92814BCE /* SFUserAccountIdentity.h */ = {isa = PBXFileReference; name = "SFUserAccountIdentity.h"; path = "com.salesforce/salesforce/SFUserAccountIdentity.h"; sourceTree = "<group>"; fileEncoding = 4; lastKnownFileType = sourcecode.c.h; explicitFileType = undefined; includeInIndex = 0; };
		CBC1AB30EBF0433B844D91DF /* SalesforceSDKManager.h */ = {isa = PBXFileReference; name = "SalesforceSDKManager.h"; path = "com.salesforce/salesforce/SalesforceSDKManager.h"; sourceTree = "<group>"; fileEncoding = 4; lastKnownFileType = sourcecode.c.h; explicitFileType = undefined; includeInIndex = 0; };
		C764C29CADEE4F43B2B094A0 /* SalesforceSDKManagerWithSmartStore.h */ = {isa = PBXFileReference; name = "SalesforceSDKManagerWithSmartStore.h"; path = "com.salesforce/salesforce/SalesforceSDKManagerWithSmartStore.h"; sourceTree = "<group>"; fileEncoding = 4; lastKnownFileType = sourcecode.c.h; explicitFileType = undefined; includeInIndex = 0; };
		8D6D18CC3CAD404AAE835FFB /* SFAuthErrorHandler.h */ = {isa = PBXFileReference; name = "SFAuthErrorHandler.h"; path = "com.salesforce/salesforce/SFAuthErrorHandler.h"; sourceTree = "<group>"; fileEncoding = 4; lastKnownFileType = sourcecode.c.h; explicitFileType = undefined; includeInIndex = 0; };
		53E76BB23621404EB0A6D691 /* SFAuthErrorHandlerList.h */ = {isa = PBXFileReference; name = "SFAuthErrorHandlerList.h"; path = "com.salesforce/salesforce/SFAuthErrorHandlerList.h"; sourceTree = "<group>"; fileEncoding = 4; lastKnownFileType = sourcecode.c.h; explicitFileType = undefined; includeInIndex = 0; };
		40E525237C234D7FB5A9B3A4 /* SalesforceSDKCoreDefines.h */ = {isa = PBXFileReference; name = "SalesforceSDKCoreDefines.h"; path = "com.salesforce/salesforce/SalesforceSDKCoreDefines.h"; sourceTree = "<group>"; fileEncoding = 4; lastKnownFileType = sourcecode.c.h; explicitFileType = undefined; includeInIndex = 0; };
		A8A78F34193D46AFBBA47C98 /* AppDelegate+SalesforceHybridSDK.h */ = {isa = PBXFileReference; name = "AppDelegate+SalesforceHybridSDK.h"; path = "com.salesforce/AppDelegate+SalesforceHybridSDK.h"; sourceTree = "<group>"; fileEncoding = 4; lastKnownFileType = sourcecode.c.h; explicitFileType = undefined; includeInIndex = 0; };
		23A513860271489994631A89 /* UIApplication+SalesforceHybridSDK.h */ = {isa = PBXFileReference; name = "UIApplication+SalesforceHybridSDK.h"; path = "com.salesforce/UIApplication+SalesforceHybridSDK.h"; sourceTree = "<group>"; fileEncoding = 4; lastKnownFileType = sourcecode.c.h; explicitFileType = undefined; includeInIndex = 0; };
		0C921C26FC204CBCBEB08404 /* SalesforceSDKResources.bundle */ = {isa = PBXFileReference; name = "SalesforceSDKResources.bundle"; path = "SalesforceSDKResources.bundle"; sourceTree = "<group>"; fileEncoding = undefined; lastKnownFileType = wrapper.plug-in; explicitFileType = undefined; includeInIndex = 0; };
		335A9ADBCC2F40318C3F87CB /* Images.xcassets */ = {isa = PBXFileReference; name = "Images.xcassets"; path = "Images.xcassets"; sourceTree = "<group>"; fileEncoding = undefined; lastKnownFileType = folder.assetcatalog; explicitFileType = undefined; includeInIndex = 0; };
		EDC82ECF3BFD4AAC8D7A3A03 /* SalesforceSDKAssets.xcassets */ = {isa = PBXFileReference; name = "SalesforceSDKAssets.xcassets"; path = "SalesforceSDKAssets.xcassets"; sourceTree = "<group>"; fileEncoding = undefined; lastKnownFileType = folder.assetcatalog; explicitFileType = undefined; includeInIndex = 0; };
		E854F1618CD04A16B720F048 /* libxml2.tbd */ = {isa = PBXFileReference; name = "libxml2.tbd"; path = "usr/lib/libxml2.tbd"; sourceTree = SDKROOT; fileEncoding = undefined; lastKnownFileType = sourcecode.text-based-dylib-definition; explicitFileType = undefined; includeInIndex = 0; };
		B3E849EF199C42D49F933402 /* AddressBookUI.framework */ = {isa = PBXFileReference; name = "AddressBookUI.framework"; path = "System/Library/Frameworks/AddressBookUI.framework"; sourceTree = SDKROOT; fileEncoding = undefined; lastKnownFileType = wrapper.framework; explicitFileType = undefined; includeInIndex = 0; };
		03E7DCDC19C74500B3E7FE1D /* CoreLocation.framework */ = {isa = PBXFileReference; name = "CoreLocation.framework"; path = "System/Library/Frameworks/CoreLocation.framework"; sourceTree = SDKROOT; fileEncoding = undefined; lastKnownFileType = wrapper.framework; explicitFileType = undefined; includeInIndex = 0; };
		32CEB302658D431D9CB4B1A8 /* Foundation.framework */ = {isa = PBXFileReference; name = "Foundation.framework"; path = "System/Library/Frameworks/Foundation.framework"; sourceTree = SDKROOT; fileEncoding = undefined; lastKnownFileType = wrapper.framework; explicitFileType = undefined; includeInIndex = 0; };
		8979DD68C96E498486A17D0D /* MessageUI.framework */ = {isa = PBXFileReference; name = "MessageUI.framework"; path = "System/Library/Frameworks/MessageUI.framework"; sourceTree = SDKROOT; fileEncoding = undefined; lastKnownFileType = wrapper.framework; explicitFileType = undefined; includeInIndex = 0; };
		7C909B35A4D34F9789E5484D /* QuartzCore.framework */ = {isa = PBXFileReference; name = "QuartzCore.framework"; path = "System/Library/Frameworks/QuartzCore.framework"; sourceTree = SDKROOT; fileEncoding = undefined; lastKnownFileType = wrapper.framework; explicitFileType = undefined; includeInIndex = 0; };
		36A9B6791A22428DA9EEB580 /* Security.framework */ = {isa = PBXFileReference; name = "Security.framework"; path = "System/Library/Frameworks/Security.framework"; sourceTree = SDKROOT; fileEncoding = undefined; lastKnownFileType = wrapper.framework; explicitFileType = undefined; includeInIndex = 0; };
		8D302F8362E84BB1BCC3FD7B /* SystemConfiguration.framework */ = {isa = PBXFileReference; name = "SystemConfiguration.framework"; path = "System/Library/Frameworks/SystemConfiguration.framework"; sourceTree = SDKROOT; fileEncoding = undefined; lastKnownFileType = wrapper.framework; explicitFileType = undefined; includeInIndex = 0; };
		1EF4E6287694479E81CBCC2F /* UIKit.framework */ = {isa = PBXFileReference; name = "UIKit.framework"; path = "System/Library/Frameworks/UIKit.framework"; sourceTree = SDKROOT; fileEncoding = undefined; lastKnownFileType = wrapper.framework; explicitFileType = undefined; includeInIndex = 0; };
		46AD58811A494E0AB277D183 /* ImageIO.framework */ = {isa = PBXFileReference; name = "ImageIO.framework"; path = "System/Library/Frameworks/ImageIO.framework"; sourceTree = SDKROOT; fileEncoding = undefined; lastKnownFileType = wrapper.framework; explicitFileType = undefined; includeInIndex = 0; };
/* End PBXFileReference section */

/* Begin PBXFrameworksBuildPhase section */
		1D60588F0D05DD3D006BFB54 /* Frameworks */ = {
			isa = PBXFrameworksBuildPhase;
			buildActionMask = 2147483647;
			files = (
				5B1594DD16A7569C00FEF299 /* AssetsLibrary.framework in Frameworks */,
				301BF552109A68D80062928A /* libCordova.a in Frameworks */,
				288765FD0DF74451002DB57D /* CoreGraphics.framework in Frameworks */,
				305D5FD1115AB8F900A74A75 /* MobileCoreServices.framework in Frameworks */,
				27A5DC1EFAA4435BA305D04D /* libGGLCloudMessaging.a in Frameworks */,
				8071EA7E546A486E90F09507 /* libGGLCore.a in Frameworks */,
				AA50C33348354D40AD526A72 /* libGGLInstanceIDLib.a in Frameworks */,
				41A557472F9747DC9C9E311B /* libGIP_Reachability.a in Frameworks */,
				C1C0E75EB5754B52801FB446 /* libGSDK_Overload.a in Frameworks */,
				E959867AC60E4E3AAE6985F3 /* libGTMSessionFetcher_core.a in Frameworks */,
				96800444E2DC45BC81545165 /* libGTMSessionFetcher_full.a in Frameworks */,
				AF0494FBEDF349D2A897D615 /* libGTMStackTrace.a in Frameworks */,
				49ACA835E6434BEA96287F05 /* libGTM_AddressBook.a in Frameworks */,
				02CA7DE6944C4EAA9240A0C2 /* libGTM_DebugUtils.a in Frameworks */,
				DB67789C8F674E848A10A25F /* libGTM_GTMURLBuilder.a in Frameworks */,
				FF8DFE069FAF44BA8225706A /* libGTM_KVO.a in Frameworks */,
				F1A0D238A8114D1595802642 /* libGTM_NSData+zlib.a in Frameworks */,
				7F8A67F5B2BD44F692B25C4C /* libGTM_NSDictionary+URLArguments.a in Frameworks */,
				41835CD2BA0F415D809E7D8E /* libGTM_NSScannerJSON.a in Frameworks */,
				A41A15716D6048E096153B55 /* libGTM_NSStringHTML.a in Frameworks */,
				CEC6E699C8994175A7E6EB6B /* libGTM_NSStringXML.a in Frameworks */,
				C53B82DBF97B4A6395C229D9 /* libGTM_Regex.a in Frameworks */,
				304DFB5EB08F46EA819AB71E /* libGTM_RoundedRectPath.a in Frameworks */,
				1A498CE96B3E4260A4D4E853 /* libGTM_StringEncoding.a in Frameworks */,
				A7382E068C2A4ED5B19CFB2C /* libGTM_SystemVersion.a in Frameworks */,
				DA73440F72904C5EBB67E5A4 /* libGTM_UIFont+LineHeight.a in Frameworks */,
				CAD120B0369849F082C124D9 /* libGTM_core.a in Frameworks */,
				911BDD56AA1F4B62A00AE6D1 /* libGTM_iPhone.a in Frameworks */,
				8DC238F1E2964C5E83FEC4B1 /* libGcmLib.a in Frameworks */,
				04C9778E58224EFF9BB23F0E /* libProtocolBuffers.a in Frameworks */,
				963473EDC8334D64962E4259 /* AddressBook.framework in Frameworks */,
				D44AA78283764712A08637DB /* libsqlite3.tbd in Frameworks */,
				52A54F855E264E06B318A5E0 /* libz.tbd in Frameworks */,
				6378D1B408E14AD09D28E487 /* libSalesforceSDKCore.a in Frameworks */,
				A895DE63306E47018AF5CD7C /* libSalesforceNetwork.a in Frameworks */,
				47445055F01A4C3988AC46E6 /* libSalesforceRestAPI.a in Frameworks */,
				EDC35597456A4430A58D2EE9 /* libSmartStore.a in Frameworks */,
				092DCEB65F114EF495ADB4C9 /* libSmartSync.a in Frameworks */,
				19C1E48F8E104553B94AA1C9 /* libSalesforceHybridSDK.a in Frameworks */,
				A680900188104D90AC5D4613 /* libsqlcipher.a in Frameworks */,
				613DD4C411614FC9836B632C /* libCocoaLumberjack.a in Frameworks */,
				E1E8BB6B187D404390F5B4CD /* libxml2.tbd in Frameworks */,
				C03B6BFDA04D4E54B808B0C2 /* AddressBookUI.framework in Frameworks */,
				C2C58D7BF82244D79D9B2900 /* CoreLocation.framework in Frameworks */,
				E9AC3062813341438F24E526 /* Foundation.framework in Frameworks */,
				921660041D6941699CED4690 /* MessageUI.framework in Frameworks */,
				B35A2BED512B4C26873A22B1 /* QuartzCore.framework in Frameworks */,
				2469D4CC94664CBDB2129C93 /* Security.framework in Frameworks */,
				FE562FC770C243A581886C7C /* SystemConfiguration.framework in Frameworks */,
				14AFD3F84C4B4D218518FCBE /* UIKit.framework in Frameworks */,
				BEE64BD9AA704B4688E0FF15 /* ImageIO.framework in Frameworks */,
			);
			runOnlyForDeploymentPostprocessing = 0;
		};
/* End PBXFrameworksBuildPhase section */

/* Begin PBXGroup section */
		080E96DDFE201D6D7F000001 /* Classes */ = {
			isa = PBXGroup;
			children = (
				302D95EE14D2391D003F00A1 /* MainViewController.h */,
				302D95EF14D2391D003F00A1 /* MainViewController.m */,
				302D95F014D2391D003F00A1 /* MainViewController.xib */,
				1D3623240D0F684500981E51 /* AppDelegate.h */,
				1D3623250D0F684500981E51 /* AppDelegate.m */,
			);
			name = Classes;
			path = "gethappyv1/Classes";
			sourceTree = SOURCE_ROOT;
		};
		19C28FACFE9D520D11CA2CBB /* Products */ = {
			isa = PBXGroup;
			children = (
				1D6058910D05DD3D006BFB54 /* gethappyv1.app */,
			);
			name = Products;
			sourceTree = "<group>";
		};
		29B97314FDCFA39411CA2CEA /* CustomTemplate */ = {
			isa = PBXGroup;
			children = (
				EB87FDF41871DAF40020F90C /* config.xml */,
				EB87FDF31871DA8E0020F90C /* www */,
				EB87FDF21871DA7A0020F90C /* merges */,
				EB87FDF11871DA420020F90C /* Staging */,
				301BF52D109A57CC0062928A /* CordovaLib.xcodeproj */,
				080E96DDFE201D6D7F000001 /* Classes */,
				307C750510C5A3420062BCA9 /* Plugins */,
				29B97315FDCFA39411CA2CEA /* Other Sources */,
				29B97317FDCFA39411CA2CEA /* Resources */,
				29B97323FDCFA39411CA2CEA /* Frameworks */,
				19C28FACFE9D520D11CA2CBB /* Products */,
			);
			name = CustomTemplate;
			sourceTree = "<group>";
		};
		29B97315FDCFA39411CA2CEA /* Other Sources */ = {
			isa = PBXGroup;
			children = (
				32CA4F630368D1EE00C91783 /* gethappyv1-Prefix.pch */,
				29B97316FDCFA39411CA2CEA /* main.m */,
			);
			name = "Other Sources";
			path = "gethappyv1";
			sourceTree = "<group>";
		};
		29B97317FDCFA39411CA2CEA /* Resources */ = {
			isa = PBXGroup;
			children = (
				308D052D1370CCF300D202BF /* icons */,
				308D05311370CCF300D202BF /* splash */,
				8D1107310486CEB800E47090 /* gethappyv1-Info.plist */,
				0C921C26FC204CBCBEB08404 /* SalesforceSDKResources.bundle */,
				335A9ADBCC2F40318C3F87CB /* Images.xcassets */,
				EDC82ECF3BFD4AAC8D7A3A03 /* SalesforceSDKAssets.xcassets */,
			);
			name = Resources;
			path = "gethappyv1/Resources";
			sourceTree = "<group>";
		};
		29B97323FDCFA39411CA2CEA /* Frameworks */ = {
			isa = PBXGroup;
			children = (
				5B1594DC16A7569C00FEF299 /* AssetsLibrary.framework */,
				288765FC0DF74451002DB57D /* CoreGraphics.framework */,
				305D5FD0115AB8F900A74A75 /* MobileCoreServices.framework */,
				D1D62B1A857E42F49EA0AAFF /* libGGLCloudMessaging.a */,
				5CC5BD4C8F2241A7B55A0853 /* libGGLCore.a */,
				33F20B5AB264435AAB1C4AD0 /* libGGLInstanceIDLib.a */,
				8192A2C376AC4645AA37D9A7 /* libGIP_Reachability.a */,
				F2A18FCC3A82471C8C6FB0EA /* libGSDK_Overload.a */,
				C8290E4CA0B049859E899C20 /* libGTMSessionFetcher_core.a */,
				F1E8EB36A47E41FA9863D84F /* libGTMSessionFetcher_full.a */,
				5687362C21564EB5848F7726 /* libGTMStackTrace.a */,
				71A5801BD1E74E4487A4C53E /* libGTM_AddressBook.a */,
				C2E119E620E64DDF8A1B96D7 /* libGTM_DebugUtils.a */,
				AD9020CA6D1C4B8FBADB3E58 /* libGTM_GTMURLBuilder.a */,
				11AE752C82E24A45A5E7E39B /* libGTM_KVO.a */,
				25F6E2D253A041AEADD033FD /* libGTM_NSData+zlib.a */,
				976D8F93FD45445AA8A56E3A /* libGTM_NSDictionary+URLArguments.a */,
				106F034B6E084930A87010A0 /* libGTM_NSScannerJSON.a */,
				F6FAB16D4D5C4FA58A41AF29 /* libGTM_NSStringHTML.a */,
				F97586F6652C4FC9AAA2CC1F /* libGTM_NSStringXML.a */,
				72C9F6D562C544EA8D61FF07 /* libGTM_Regex.a */,
				3632C8C9F59C4581932B204C /* libGTM_RoundedRectPath.a */,
				ED2A1D981F274A8185654507 /* libGTM_StringEncoding.a */,
				339171D8136942ABBFAB9872 /* libGTM_SystemVersion.a */,
				2CE4EA6112104E769F385BA7 /* libGTM_UIFont+LineHeight.a */,
				D9F14149A9094D0180EB49D5 /* libGTM_core.a */,
				1BC63B05150544C3B513B116 /* libGTM_iPhone.a */,
				46A16A565736408BBA8AB8FD /* libGcmLib.a */,
				77601E782DD94A6EA8425815 /* libProtocolBuffers.a */,
				A5AEC8E959F84F60B7183305 /* AddressBook.framework */,
				8F7DE0B826934B6386C303AA /* libsqlite3.tbd */,
				2A10123BA61A45BEBF4A5E05 /* libz.tbd */,
				41A2D8A9A7114809AC682680 /* libSalesforceSDKCore.a */,
				8E27B2F7F083416AB100559E /* libSalesforceNetwork.a */,
				63FBA50D8BAE4118A81F8284 /* libSalesforceRestAPI.a */,
				E3599C51C78C45B1BF71BBD2 /* libSmartStore.a */,
				FFEC87D970D34112A4EDBCEF /* libSmartSync.a */,
				8F99EABB54C642F9815F13AC /* libSalesforceHybridSDK.a */,
				CA6A76E8E12B4797B9CD5065 /* libsqlcipher.a */,
				EC086CD106654DB8B1D4C972 /* libCocoaLumberjack.a */,
				E854F1618CD04A16B720F048 /* libxml2.tbd */,
				B3E849EF199C42D49F933402 /* AddressBookUI.framework */,
				03E7DCDC19C74500B3E7FE1D /* CoreLocation.framework */,
				32CEB302658D431D9CB4B1A8 /* Foundation.framework */,
				8979DD68C96E498486A17D0D /* MessageUI.framework */,
				7C909B35A4D34F9789E5484D /* QuartzCore.framework */,
				36A9B6791A22428DA9EEB580 /* Security.framework */,
				8D302F8362E84BB1BCC3FD7B /* SystemConfiguration.framework */,
				1EF4E6287694479E81CBCC2F /* UIKit.framework */,
				46AD58811A494E0AB277D183 /* ImageIO.framework */,
			);
			name = Frameworks;
			sourceTree = "<group>";
		};
		301BF52E109A57CC0062928A /* Products */ = {
			isa = PBXGroup;
			children = (
				301BF535109A57CC0062928A /* libCordova.a */,
			);
			name = Products;
			sourceTree = "<group>";
		};
		307C750510C5A3420062BCA9 /* Plugins */ = {
			isa = PBXGroup;
			children = (
				4C3DE18181564A10BA1FDCE3 /* CDVDevice.m */,
				0E623E4823074FDBB7EDB6C6 /* CDVDevice.h */,
				36C7042EA586417FB9E4BFB3 /* AppDelegate+notification.m */,
				8231780483054F0B97459C26 /* PushPlugin.m */,
				F538395DFE3F478AB6EF74AC /* AppDelegate+notification.h */,
				CD34291D1E5748EA9E6D0F4B /* PushPlugin.h */,
				5F22A070CCA745509EB4F7E1 /* GGLInstanceID.h */,
				4903292AC4E84217ABAD188F /* GGLInstanceIDConfig.h */,
				F289880288AA4E9F830B62C5 /* GGLInstanceIDDelegate.h */,
				C31657CEE0AD433F9B0C59CD /* GGLInstanceIDHeaders.h */,
				D423DFA221EF4A8785A4A602 /* CloudMessaging.h */,
				62CCAB8CBBB045B0B099102B /* GGLContext+CloudMessaging.h */,
				360429A7ECE2405B881AC96D /* Core.h */,
				F9CD3F2F45DF4D7DB94C8649 /* GGLConfiguration.h */,
				0126DFD6462D4813800A2B0C /* GGLContext.h */,
				FBE3C4F1CE0F4E12827534A6 /* GGLErrorCode.h */,
				A264686DA1714332A52E71E7 /* GCMConfig.h */,
				3539C458A21845B5A2F95C7D /* GCMPubSub.h */,
				3E35FC8A09704310B9B23EF2 /* GCMReceiverDelegate.h */,
				77CA58218C934F5A981D5D9E /* GCMService.h */,
				7B51836A57FF419E8FD357AD /* GoogleCloudMessaging.h */,
				257E34A2E093493B9A97C81C /* AppDelegate+SalesforceHybridSDK.m */,
				628579AA7CEF484881123BAC /* UIApplication+SalesforceHybridSDK.m */,
				5D3FFB01ABA64453AD7B4F25 /* InitialViewController.m */,
				C1B0D39E41EA4A6384215CD2 /* SFAuthenticationManager.h */,
				7D8C9A8EE18D403E81C753C2 /* SFCommunityData.h */,
				EC808838F001428DAA151949 /* SFSDKAppConfig.h */,
				27DF0F8BCC9041198C1E5A1B /* InitialViewController.h */,
				87A67D69F0D745CF9279312C /* SFDefaultUserManagementViewController.h */,
				DAFE22F5C0C9480D8CCF1B94 /* SFHybridViewConfig.h */,
				9E2E382D30F9441982C80CDB /* SFHybridViewController.h */,
				703CBCA51360471FB13E093A /* SFIdentityCoordinator.h */,
				5FBB1C8A4B60401ABAA858AA /* SFIdentityData.h */,
				BFCC375554F94C928012061C /* SFLocalhostSubstitutionCache.h */,
				331C2112285D486FABE9CA78 /* SFLogger.h */,
				40B6FD6ECF7D4A078574DA45 /* SFLoggerMacros.h */,
				F767B439B27B474BAF2C0FDA /* NSNotificationCenter+SFAdditions.h */,
				65A28B76E45B44AD83D2A166 /* SFOAuthCoordinator.h */,
				C4F723BF591944F3ABC05792 /* SFOAuthCredentials.h */,
				BC6E9810EEA84462826C5882 /* SFOAuthInfo.h */,
				2270FCD4756B4BE38F6AB858 /* SFPushNotificationManager.h */,
				3CD64938DB0B4EE9A00724B2 /* SFUserAccount.h */,
				36EDB66DE4B441A1A889ACD3 /* SFUserAccountConstants.h */,
				42B92EB3D477420686B8532B /* SFUserAccountManager.h */,
				BC3737841E0F4BAD92814BCE /* SFUserAccountIdentity.h */,
				CBC1AB30EBF0433B844D91DF /* SalesforceSDKManager.h */,
				C764C29CADEE4F43B2B094A0 /* SalesforceSDKManagerWithSmartStore.h */,
				8D6D18CC3CAD404AAE835FFB /* SFAuthErrorHandler.h */,
				53E76BB23621404EB0A6D691 /* SFAuthErrorHandlerList.h */,
				40E525237C234D7FB5A9B3A4 /* SalesforceSDKCoreDefines.h */,
				A8A78F34193D46AFBBA47C98 /* AppDelegate+SalesforceHybridSDK.h */,
				23A513860271489994631A89 /* UIApplication+SalesforceHybridSDK.h */,
			);
			name = Plugins;
			path = "gethappyv1/Plugins";
			sourceTree = SOURCE_ROOT;
		};
		308D052D1370CCF300D202BF /* icons */ = {
			isa = PBXGroup;
			children = (
				30C1856519D5FC0A00212699 /* icon-60@3x.png */,
				7E7966D41810823500FA85AD /* icon-40.png */,
				7E7966D51810823500FA85AD /* icon-40@2x.png */,
				7E7966D61810823500FA85AD /* icon-50.png */,
				7E7966D71810823500FA85AD /* icon-50@2x.png */,
				7E7966D81810823500FA85AD /* icon-60.png */,
				7E7966D91810823500FA85AD /* icon-60@2x.png */,
				7E7966DA1810823500FA85AD /* icon-76.png */,
				7E7966DB1810823500FA85AD /* icon-76@2x.png */,
				7E7966DC1810823500FA85AD /* icon-small.png */,
				7E7966DD1810823500FA85AD /* icon-small@2x.png */,
				30FC414816E50CA1004E6F35 /* icon-72@2x.png */,
				308D052E1370CCF300D202BF /* icon-72.png */,
				308D052F1370CCF300D202BF /* icon.png */,
				308D05301370CCF300D202BF /* icon@2x.png */,
			);
			path = icons;
			sourceTree = "<group>";
		};
		308D05311370CCF300D202BF /* splash */ = {
			isa = PBXGroup;
			children = (
				30B4F2FD19D5E07200D9F7D8 /* Default-667h.png */,
				30B4F2FE19D5E07200D9F7D8 /* Default-736h.png */,
				30B4F2FF19D5E07200D9F7D8 /* Default-Landscape-736h.png */,
				D4A0D8751607E02300AEF8BB /* Default-568h@2x~iphone.png */,
				3088BBB7154F3926009F9C59 /* Default-Landscape@2x~ipad.png */,
				3088BBB8154F3926009F9C59 /* Default-Landscape~ipad.png */,
				3088BBB9154F3926009F9C59 /* Default-Portrait@2x~ipad.png */,
				3088BBBA154F3926009F9C59 /* Default-Portrait~ipad.png */,
				3088BBBB154F3926009F9C59 /* Default@2x~iphone.png */,
				3088BBBC154F3926009F9C59 /* Default~iphone.png */,
			);
			path = splash;
			sourceTree = "<group>";
		};
		EB87FDF11871DA420020F90C /* Staging */ = {
			isa = PBXGroup;
			children = (
				F840E1F0165FE0F500CFE078 /* config.xml */,
				301BF56E109A69640062928A /* www */,
			);
			name = Staging;
			sourceTree = "<group>";
		};
/* End PBXGroup section */

/* Begin PBXNativeTarget section */
		1D6058900D05DD3D006BFB54 /* gethappyv1 */ = {
			isa = PBXNativeTarget;
			buildConfigurationList = 1D6058960D05DD3E006BFB54 /* Build configuration list for PBXNativeTarget "gethappyv1" */;
			buildPhases = (
				304B58A110DAC018002A0835 /* Copy www directory */,
				1D60588D0D05DD3D006BFB54 /* Resources */,
				1D60588E0D05DD3D006BFB54 /* Sources */,
				1D60588F0D05DD3D006BFB54 /* Frameworks */,
			);
			buildRules = (
			);
			dependencies = (
				301BF551109A68C00062928A /* PBXTargetDependency */,
			);
			name = "gethappyv1";
			productName = "gethappyv1";
			productReference = 1D6058910D05DD3D006BFB54 /* gethappyv1.app */;
			productType = "com.apple.product-type.application";
		};
/* End PBXNativeTarget section */

/* Begin PBXProject section */
		29B97313FDCFA39411CA2CEA /* Project object */ = {
			isa = PBXProject;
			attributes = {
				LastUpgradeCheck = 510;
			};
			buildConfigurationList = C01FCF4E08A954540054247B /* Build configuration list for PBXProject "__CLI__" */;
			compatibilityVersion = "Xcode 3.2";
			developmentRegion = English;
			hasScannedForEncodings = 1;
			knownRegions = (
				English,
				Japanese,
				French,
				German,
				en,
				es,
				de,
				se,
			);
			mainGroup = 29B97314FDCFA39411CA2CEA /* CustomTemplate */;
			projectDirPath = "";
			projectReferences = (
				{
					ProductGroup = 301BF52E109A57CC0062928A /* Products */;
					ProjectRef = 301BF52D109A57CC0062928A /* CordovaLib.xcodeproj */;
				},
			);
			projectRoot = "";
			targets = (
				1D6058900D05DD3D006BFB54 /* gethappyv1 */,
			);
		};
/* End PBXProject section */

/* Begin PBXReferenceProxy section */
		301BF535109A57CC0062928A /* libCordova.a */ = {
			isa = PBXReferenceProxy;
			fileType = archive.ar;
			path = libCordova.a;
			remoteRef = 301BF534109A57CC0062928A /* PBXContainerItemProxy */;
			sourceTree = BUILT_PRODUCTS_DIR;
		};
/* End PBXReferenceProxy section */

/* Begin PBXResourcesBuildPhase section */
		1D60588D0D05DD3D006BFB54 /* Resources */ = {
			isa = PBXResourcesBuildPhase;
			buildActionMask = 2147483647;
			files = (
				7E7966E41810823500FA85AD /* icon-76.png in Resources */,
				7E7966DF1810823500FA85AD /* icon-40@2x.png in Resources */,
				308D05371370CCF300D202BF /* icon-72.png in Resources */,
				30B4F30119D5E07200D9F7D8 /* Default-736h.png in Resources */,
				308D05381370CCF300D202BF /* icon.png in Resources */,
				308D05391370CCF300D202BF /* icon@2x.png in Resources */,
				302D95F214D2391D003F00A1 /* MainViewController.xib in Resources */,
				7E7966E01810823500FA85AD /* icon-50.png in Resources */,
				7E7966E31810823500FA85AD /* icon-60@2x.png in Resources */,
				7E7966E61810823500FA85AD /* icon-small.png in Resources */,
				3088BBBD154F3926009F9C59 /* Default-Landscape@2x~ipad.png in Resources */,
				3088BBBE154F3926009F9C59 /* Default-Landscape~ipad.png in Resources */,
				3088BBBF154F3926009F9C59 /* Default-Portrait@2x~ipad.png in Resources */,
				7E7966E71810823500FA85AD /* icon-small@2x.png in Resources */,
				3088BBC0154F3926009F9C59 /* Default-Portrait~ipad.png in Resources */,
				30B4F30019D5E07200D9F7D8 /* Default-667h.png in Resources */,
				7E7966DE1810823500FA85AD /* icon-40.png in Resources */,
				3088BBC1154F3926009F9C59 /* Default@2x~iphone.png in Resources */,
				7E7966E21810823500FA85AD /* icon-60.png in Resources */,
				3088BBC2154F3926009F9C59 /* Default~iphone.png in Resources */,
				D4A0D8761607E02300AEF8BB /* Default-568h@2x~iphone.png in Resources */,
				30B4F30219D5E07200D9F7D8 /* Default-Landscape-736h.png in Resources */,
				30C1856619D5FC0A00212699 /* icon-60@3x.png in Resources */,
				7E7966E11810823500FA85AD /* icon-50@2x.png in Resources */,
				7E7966E51810823500FA85AD /* icon-76@2x.png in Resources */,
				30FC414916E50CA1004E6F35 /* icon-72@2x.png in Resources */,
				FE6E04846DE242CAB9A2D936 /* SalesforceSDKResources.bundle in Resources */,
				2FE8685B637D4473997BAA6A /* Images.xcassets in Resources */,
				D94691288EFB4E009442C072 /* SalesforceSDKAssets.xcassets in Resources */,
			);
			runOnlyForDeploymentPostprocessing = 0;
		};
/* End PBXResourcesBuildPhase section */

/* Begin PBXShellScriptBuildPhase section */
		304B58A110DAC018002A0835 /* Copy www directory */ = {
			isa = PBXShellScriptBuildPhase;
			buildActionMask = 2147483647;
			files = (
			);
			inputPaths = (
			);
			name = "Copy www directory";
			outputPaths = (
			);
			runOnlyForDeploymentPostprocessing = 0;
			shellPath = /bin/sh;
			shellScript = "NODEJS_PATH=/usr/local/bin; NVM_NODE_PATH=~/.nvm/versions/node/`nvm version 2>/dev/null`/bin; N_NODE_PATH=`find /usr/local/n/versions/node/* -maxdepth 0 -type d 2>/dev/null | tail -1`/bin; XCODE_NODE_PATH=`xcode-select --print-path`/usr/share/xcs/Node/bin; PATH=$NODEJS_PATH:$NVM_NODE_PATH:$N_NODE_PATH:$XCODE_NODE_PATH:$PATH && node cordova/lib/copy-www-build-step.js";
			showEnvVarsInLog = 0;
		};
/* End PBXShellScriptBuildPhase section */

/* Begin PBXSourcesBuildPhase section */
		1D60588E0D05DD3D006BFB54 /* Sources */ = {
			isa = PBXSourcesBuildPhase;
			buildActionMask = 2147483647;
			files = (
				1D60589B0D05DD56006BFB54 /* main.m in Sources */,
				1D3623260D0F684500981E51 /* AppDelegate.m in Sources */,
				302D95F114D2391D003F00A1 /* MainViewController.m in Sources */,
				0CAD602DB5CE447696168861 /* CDVDevice.m in Sources */,
				B21D56CF14A842CA8063FE80 /* AppDelegate+notification.m in Sources */,
				680BBF63357B4E66AE501083 /* PushPlugin.m in Sources */,
				A0DBAA0CE27948BA8C70F82D /* AppDelegate+SalesforceHybridSDK.m in Sources */,
				B9C2E7EC66CE4A439A65441A /* UIApplication+SalesforceHybridSDK.m in Sources */,
				89D63959F45442BA93779ED2 /* InitialViewController.m in Sources */,
			);
			runOnlyForDeploymentPostprocessing = 0;
		};
/* End PBXSourcesBuildPhase section */

/* Begin PBXTargetDependency section */
		301BF551109A68C00062928A /* PBXTargetDependency */ = {
			isa = PBXTargetDependency;
			name = CordovaLib;
			targetProxy = 301BF550109A68C00062928A /* PBXContainerItemProxy */;
		};
/* End PBXTargetDependency section */

/* Begin XCBuildConfiguration section */
		1D6058940D05DD3E006BFB54 /* Debug */ = {
			isa = XCBuildConfiguration;
			buildSettings = {
				ALWAYS_SEARCH_USER_PATHS = NO;
				CLANG_ENABLE_OBJC_ARC = YES;
				COPY_PHASE_STRIP = NO;
				GCC_DYNAMIC_NO_PIC = NO;
				GCC_OPTIMIZATION_LEVEL = 0;
				GCC_PRECOMPILE_PREFIX_HEADER = YES;
				GCC_PREFIX_HEADER = "gethappyv1/gethappyv1-Prefix.pch";
				GCC_THUMB_SUPPORT = NO;
				GCC_VERSION = "";
				INFOPLIST_FILE = "gethappyv1/gethappyv1-Info.plist";
				IPHONEOS_DEPLOYMENT_TARGET = 6.0;
				OTHER_LDFLAGS = (
					"-weak_framework",
					CoreFoundation,
					"-weak_framework",
					UIKit,
					"-weak_framework",
					AVFoundation,
					"-weak_framework",
					CoreMedia,
					"-weak-lSystem",
					"-ObjC",
				);
				PRODUCT_NAME = "gethappyv1";
				TARGETED_DEVICE_FAMILY = "1,2";
				LIBRARY_SEARCH_PATHS = (
					"$(inherited)",
					"\"$(SRCROOT)/gethappyv1/Plugins/phonegap-plugin-push/GCM/Libraries\"",
					"\"$(SRCROOT)/gethappyv1/Plugins/phonegap-plugin-push/GCM/Libraries\"",
					"\"$(SRCROOT)/gethappyv1/Plugins/phonegap-plugin-push/GCM/Libraries\"",
					"\"$(SRCROOT)/gethappyv1/Plugins/phonegap-plugin-push/GCM/Libraries\"",
					"\"$(SRCROOT)/gethappyv1/Plugins/phonegap-plugin-push/GCM/Libraries\"",
					"\"$(SRCROOT)/gethappyv1/Plugins/phonegap-plugin-push/GCM/Libraries\"",
					"\"$(SRCROOT)/gethappyv1/Plugins/phonegap-plugin-push/GCM/Libraries\"",
					"\"$(SRCROOT)/gethappyv1/Plugins/phonegap-plugin-push/GCM/Libraries\"",
					"\"$(SRCROOT)/gethappyv1/Plugins/phonegap-plugin-push/GCM/Libraries\"",
					"\"$(SRCROOT)/gethappyv1/Plugins/phonegap-plugin-push/GCM/Libraries\"",
					"\"$(SRCROOT)/gethappyv1/Plugins/phonegap-plugin-push/GCM/Libraries\"",
					"\"$(SRCROOT)/gethappyv1/Plugins/phonegap-plugin-push/GCM/Libraries\"",
					"\"$(SRCROOT)/gethappyv1/Plugins/phonegap-plugin-push/GCM/Libraries\"",
					"\"$(SRCROOT)/gethappyv1/Plugins/phonegap-plugin-push/GCM/Libraries\"",
					"\"$(SRCROOT)/gethappyv1/Plugins/phonegap-plugin-push/GCM/Libraries\"",
					"\"$(SRCROOT)/gethappyv1/Plugins/phonegap-plugin-push/GCM/Libraries\"",
					"\"$(SRCROOT)/gethappyv1/Plugins/phonegap-plugin-push/GCM/Libraries\"",
					"\"$(SRCROOT)/gethappyv1/Plugins/phonegap-plugin-push/GCM/Libraries\"",
					"\"$(SRCROOT)/gethappyv1/Plugins/phonegap-plugin-push/GCM/Libraries\"",
					"\"$(SRCROOT)/gethappyv1/Plugins/phonegap-plugin-push/GCM/Libraries\"",
					"\"$(SRCROOT)/gethappyv1/Plugins/phonegap-plugin-push/GCM/Libraries\"",
					"\"$(SRCROOT)/gethappyv1/Plugins/phonegap-plugin-push/GCM/Libraries\"",
					"\"$(SRCROOT)/gethappyv1/Plugins/phonegap-plugin-push/GCM/Libraries\"",
					"\"$(SRCROOT)/gethappyv1/Plugins/phonegap-plugin-push/GCM/Libraries\"",
					"\"$(SRCROOT)/gethappyv1/Plugins/phonegap-plugin-push/GCM/Libraries\"",
					"\"$(SRCROOT)/gethappyv1/Plugins/phonegap-plugin-push/GCM/Libraries\"",
					"\"$(SRCROOT)/gethappyv1/Plugins/com.salesforce\"",
					"\"$(SRCROOT)/gethappyv1/Plugins/com.salesforce\"",
					"\"$(SRCROOT)/gethappyv1/Plugins/com.salesforce\"",
					"\"$(SRCROOT)/gethappyv1/Plugins/com.salesforce\"",
					"\"$(SRCROOT)/gethappyv1/Plugins/com.salesforce\"",
					"\"$(SRCROOT)/gethappyv1/Plugins/com.salesforce\"",
					"\"$(SRCROOT)/gethappyv1/Plugins/com.salesforce\"",
					"\"$(SRCROOT)/gethappyv1/Plugins/com.salesforce\"",
				);
			};
			name = Debug;
		};
		1D6058950D05DD3E006BFB54 /* Release */ = {
			isa = XCBuildConfiguration;
			buildSettings = {
				ALWAYS_SEARCH_USER_PATHS = NO;
				CLANG_ENABLE_OBJC_ARC = YES;
				COPY_PHASE_STRIP = YES;
				GCC_PRECOMPILE_PREFIX_HEADER = YES;
				GCC_PREFIX_HEADER = "gethappyv1/gethappyv1-Prefix.pch";
				GCC_THUMB_SUPPORT = NO;
				GCC_VERSION = "";
				INFOPLIST_FILE = "gethappyv1/gethappyv1-Info.plist";
				IPHONEOS_DEPLOYMENT_TARGET = 6.0;
				OTHER_LDFLAGS = (
					"-weak_framework",
					CoreFoundation,
					"-weak_framework",
					UIKit,
					"-weak_framework",
					AVFoundation,
					"-weak_framework",
					CoreMedia,
					"-weak-lSystem",
					"-ObjC",
				);
				PRODUCT_NAME = "gethappyv1";
				TARGETED_DEVICE_FAMILY = "1,2";
				LIBRARY_SEARCH_PATHS = (
					"$(inherited)",
					"\"$(SRCROOT)/gethappyv1/Plugins/phonegap-plugin-push/GCM/Libraries\"",
					"\"$(SRCROOT)/gethappyv1/Plugins/phonegap-plugin-push/GCM/Libraries\"",
					"\"$(SRCROOT)/gethappyv1/Plugins/phonegap-plugin-push/GCM/Libraries\"",
					"\"$(SRCROOT)/gethappyv1/Plugins/phonegap-plugin-push/GCM/Libraries\"",
					"\"$(SRCROOT)/gethappyv1/Plugins/phonegap-plugin-push/GCM/Libraries\"",
					"\"$(SRCROOT)/gethappyv1/Plugins/phonegap-plugin-push/GCM/Libraries\"",
					"\"$(SRCROOT)/gethappyv1/Plugins/phonegap-plugin-push/GCM/Libraries\"",
					"\"$(SRCROOT)/gethappyv1/Plugins/phonegap-plugin-push/GCM/Libraries\"",
					"\"$(SRCROOT)/gethappyv1/Plugins/phonegap-plugin-push/GCM/Libraries\"",
					"\"$(SRCROOT)/gethappyv1/Plugins/phonegap-plugin-push/GCM/Libraries\"",
					"\"$(SRCROOT)/gethappyv1/Plugins/phonegap-plugin-push/GCM/Libraries\"",
					"\"$(SRCROOT)/gethappyv1/Plugins/phonegap-plugin-push/GCM/Libraries\"",
					"\"$(SRCROOT)/gethappyv1/Plugins/phonegap-plugin-push/GCM/Libraries\"",
					"\"$(SRCROOT)/gethappyv1/Plugins/phonegap-plugin-push/GCM/Libraries\"",
					"\"$(SRCROOT)/gethappyv1/Plugins/phonegap-plugin-push/GCM/Libraries\"",
					"\"$(SRCROOT)/gethappyv1/Plugins/phonegap-plugin-push/GCM/Libraries\"",
					"\"$(SRCROOT)/gethappyv1/Plugins/phonegap-plugin-push/GCM/Libraries\"",
					"\"$(SRCROOT)/gethappyv1/Plugins/phonegap-plugin-push/GCM/Libraries\"",
					"\"$(SRCROOT)/gethappyv1/Plugins/phonegap-plugin-push/GCM/Libraries\"",
					"\"$(SRCROOT)/gethappyv1/Plugins/phonegap-plugin-push/GCM/Libraries\"",
					"\"$(SRCROOT)/gethappyv1/Plugins/phonegap-plugin-push/GCM/Libraries\"",
					"\"$(SRCROOT)/gethappyv1/Plugins/phonegap-plugin-push/GCM/Libraries\"",
					"\"$(SRCROOT)/gethappyv1/Plugins/phonegap-plugin-push/GCM/Libraries\"",
					"\"$(SRCROOT)/gethappyv1/Plugins/phonegap-plugin-push/GCM/Libraries\"",
					"\"$(SRCROOT)/gethappyv1/Plugins/phonegap-plugin-push/GCM/Libraries\"",
					"\"$(SRCROOT)/gethappyv1/Plugins/phonegap-plugin-push/GCM/Libraries\"",
					"\"$(SRCROOT)/gethappyv1/Plugins/com.salesforce\"",
					"\"$(SRCROOT)/gethappyv1/Plugins/com.salesforce\"",
					"\"$(SRCROOT)/gethappyv1/Plugins/com.salesforce\"",
					"\"$(SRCROOT)/gethappyv1/Plugins/com.salesforce\"",
					"\"$(SRCROOT)/gethappyv1/Plugins/com.salesforce\"",
					"\"$(SRCROOT)/gethappyv1/Plugins/com.salesforce\"",
					"\"$(SRCROOT)/gethappyv1/Plugins/com.salesforce\"",
					"\"$(SRCROOT)/gethappyv1/Plugins/com.salesforce\"",
				);
			};
			name = Release;
		};
		C01FCF4F08A954540054247B /* Debug */ = {
			isa = XCBuildConfiguration;
			buildSettings = {
				CLANG_ENABLE_OBJC_ARC = YES;
				CLANG_WARN_BOOL_CONVERSION = YES;
				CLANG_WARN_CONSTANT_CONVERSION = YES;
				CLANG_WARN_EMPTY_BODY = YES;
				CLANG_WARN_ENUM_CONVERSION = YES;
				CLANG_WARN_INT_CONVERSION = YES;
				CLANG_WARN__DUPLICATE_METHOD_MATCH = YES;
				"CODE_SIGN_IDENTITY[sdk=iphoneos*]" = "iPhone Developer";
				GCC_C_LANGUAGE_STANDARD = c99;
				GCC_THUMB_SUPPORT = NO;
				GCC_VERSION = "";
				GCC_WARN_ABOUT_RETURN_TYPE = YES;
				GCC_WARN_UNDECLARED_SELECTOR = YES;
				GCC_WARN_UNINITIALIZED_AUTOS = YES;
				GCC_WARN_UNUSED_FUNCTION = YES;
				GCC_WARN_UNUSED_VARIABLE = YES;
				HEADER_SEARCH_PATHS = (
					"\"$(TARGET_BUILD_DIR)/usr/local/lib/include\"",
					"\"$(OBJROOT)/UninstalledProducts/include\"",
					"\"$(BUILT_PRODUCTS_DIR)\"",
				);
				IPHONEOS_DEPLOYMENT_TARGET = 6.0;
				ONLY_ACTIVE_ARCH = YES;
				OTHER_LDFLAGS = (
					"-weak_framework",
					CoreFoundation,
					"-weak_framework",
					UIKit,
					"-weak_framework",
					AVFoundation,
					"-weak_framework",
					CoreMedia,
					"-weak-lSystem",
					"-ObjC",
				);
				SDKROOT = iphoneos;
				SKIP_INSTALL = NO;
				USER_HEADER_SEARCH_PATHS = "";
			};
			name = Debug;
		};
		C01FCF5008A954540054247B /* Release */ = {
			isa = XCBuildConfiguration;
			buildSettings = {
				CLANG_ENABLE_OBJC_ARC = YES;
				CLANG_WARN_BOOL_CONVERSION = YES;
				CLANG_WARN_CONSTANT_CONVERSION = YES;
				CLANG_WARN_EMPTY_BODY = YES;
				CLANG_WARN_ENUM_CONVERSION = YES;
				CLANG_WARN_INT_CONVERSION = YES;
				CLANG_WARN__DUPLICATE_METHOD_MATCH = YES;
				"CODE_SIGN_IDENTITY[sdk=iphoneos*]" = "iPhone Developer";
				GCC_C_LANGUAGE_STANDARD = c99;
				GCC_THUMB_SUPPORT = NO;
				GCC_VERSION = "";
				GCC_WARN_ABOUT_RETURN_TYPE = YES;
				GCC_WARN_UNDECLARED_SELECTOR = YES;
				GCC_WARN_UNINITIALIZED_AUTOS = YES;
				GCC_WARN_UNUSED_FUNCTION = YES;
				GCC_WARN_UNUSED_VARIABLE = YES;
				HEADER_SEARCH_PATHS = (
					"\"$(TARGET_BUILD_DIR)/usr/local/lib/include\"",
					"\"$(OBJROOT)/UninstalledProducts/include\"",
					"\"$(BUILT_PRODUCTS_DIR)\"",
					"\"$(OBJROOT)/UninstalledProducts/$(PLATFORM_NAME)/include\"",
				);
				IPHONEOS_DEPLOYMENT_TARGET = 6.0;
				OTHER_LDFLAGS = (
					"-weak_framework",
					CoreFoundation,
					"-weak_framework",
					UIKit,
					"-weak_framework",
					AVFoundation,
					"-weak_framework",
					CoreMedia,
					"-weak-lSystem",
					"-ObjC",
				);
				SDKROOT = iphoneos;
				SKIP_INSTALL = NO;
				USER_HEADER_SEARCH_PATHS = "";
			};
			name = Release;
		};
/* End XCBuildConfiguration section */

/* Begin XCConfigurationList section */
		1D6058960D05DD3E006BFB54 /* Build configuration list for PBXNativeTarget "gethappyv1" */ = {
			isa = XCConfigurationList;
			buildConfigurations = (
				1D6058940D05DD3E006BFB54 /* Debug */,
				1D6058950D05DD3E006BFB54 /* Release */,
			);
			defaultConfigurationIsVisible = 0;
			defaultConfigurationName = Release;
		};
		C01FCF4E08A954540054247B /* Build configuration list for PBXProject "__CLI__" */ = {
			isa = XCConfigurationList;
			buildConfigurations = (
				C01FCF4F08A954540054247B /* Debug */,
				C01FCF5008A954540054247B /* Release */,
			);
			defaultConfigurationIsVisible = 0;
			defaultConfigurationName = Release;
		};
/* End XCConfigurationList section */
	};
	rootObject = 29B97313FDCFA39411CA2CEA /* Project object */;
}
